<?xml version="1.0" encoding="utf-8"?>
<Project ToolsVersion="16.0" xmlns="http://schemas.microsoft.com/developer/msbuild/2003">
  <ItemGroup>
    <ClCompile Include="C:\Users\isaac\Projects\aws-sdk-cpp\aws-cpp-sdk-codestar-connections\ub_CODESTAR-CONNECTIONS.cpp">
      <Filter>Source Files</Filter>
    </ClCompile>
  </ItemGroup>
  <ItemGroup>
    <ClInclude Include="C:\Users\isaac\Projects\aws-sdk-cpp\aws-cpp-sdk-codestar-connections\include\aws\codestar-connections\CodeStarconnectionsClient.h">
      <Filter>Header Files\aws\codestar-connections</Filter>
    </ClInclude>
    <ClInclude Include="C:\Users\isaac\Projects\aws-sdk-cpp\aws-cpp-sdk-codestar-connections\include\aws\codestar-connections\CodeStarconnectionsEndpoint.h">
      <Filter>Header Files\aws\codestar-connections</Filter>
    </ClInclude>
    <ClInclude Include="C:\Users\isaac\Projects\aws-sdk-cpp\aws-cpp-sdk-codestar-connections\include\aws\codestar-connections\CodeStarconnectionsErrorMarshaller.h">
      <Filter>Header Files\aws\codestar-connections</Filter>
    </ClInclude>
    <ClInclude Include="C:\Users\isaac\Projects\aws-sdk-cpp\aws-cpp-sdk-codestar-connections\include\aws\codestar-connections\CodeStarconnectionsErrors.h">
      <Filter>Header Files\aws\codestar-connections</Filter>
    </ClInclude>
    <ClInclude Include="C:\Users\isaac\Projects\aws-sdk-cpp\aws-cpp-sdk-codestar-connections\include\aws\codestar-connections\CodeStarconnectionsRequest.h">
      <Filter>Header Files\aws\codestar-connections</Filter>
    </ClInclude>
    <ClInclude Include="C:\Users\isaac\Projects\aws-sdk-cpp\aws-cpp-sdk-codestar-connections\include\aws\codestar-connections\CodeStarconnections_EXPORTS.h">
      <Filter>Header Files\aws\codestar-connections</Filter>
    </ClInclude>
    <ClInclude Include="C:\Users\isaac\Projects\aws-sdk-cpp\aws-cpp-sdk-codestar-connections\include\aws\codestar-connections\model\Connection.h">
      <Filter>Header Files\aws\codestar-connections\model</Filter>
    </ClInclude>
    <ClInclude Include="C:\Users\isaac\Projects\aws-sdk-cpp\aws-cpp-sdk-codestar-connections\include\aws\codestar-connections\model\ConnectionStatus.h">
      <Filter>Header Files\aws\codestar-connections\model</Filter>
    </ClInclude>
    <ClInclude Include="C:\Users\isaac\Projects\aws-sdk-cpp\aws-cpp-sdk-codestar-connections\include\aws\codestar-connections\model\CreateConnectionRequest.h">
      <Filter>Header Files\aws\codestar-connections\model</Filter>
    </ClInclude>
    <ClInclude Include="C:\Users\isaac\Projects\aws-sdk-cpp\aws-cpp-sdk-codestar-connections\include\aws\codestar-connections\model\CreateConnectionResult.h">
      <Filter>Header Files\aws\codestar-connections\model</Filter>
    </ClInclude>
    <ClInclude Include="C:\Users\isaac\Projects\aws-sdk-cpp\aws-cpp-sdk-codestar-connections\include\aws\codestar-connections\model\CreateHostRequest.h">
      <Filter>Header Files\aws\codestar-connections\model</Filter>
    </ClInclude>
    <ClInclude Include="C:\Users\isaac\Projects\aws-sdk-cpp\aws-cpp-sdk-codestar-connections\include\aws\codestar-connections\model\CreateHostResult.h">
      <Filter>Header Files\aws\codestar-connections\model</Filter>
    </ClInclude>
    <ClInclude Include="C:\Users\isaac\Projects\aws-sdk-cpp\aws-cpp-sdk-codestar-connections\include\aws\codestar-connections\model\DeleteConnectionRequest.h">
      <Filter>Header Files\aws\codestar-connections\model</Filter>
    </ClInclude>
    <ClInclude Include="C:\Users\isaac\Projects\aws-sdk-cpp\aws-cpp-sdk-codestar-connections\include\aws\codestar-connections\model\DeleteConnectionResult.h">
      <Filter>Header Files\aws\codestar-connections\model</Filter>
    </ClInclude>
    <ClInclude Include="C:\Users\isaac\Projects\aws-sdk-cpp\aws-cpp-sdk-codestar-connections\include\aws\codestar-connections\model\DeleteHostRequest.h">
      <Filter>Header Files\aws\codestar-connections\model</Filter>
    </ClInclude>
    <ClInclude Include="C:\Users\isaac\Projects\aws-sdk-cpp\aws-cpp-sdk-codestar-connections\include\aws\codestar-connections\model\DeleteHostResult.h">
      <Filter>Header Files\aws\codestar-connections\model</Filter>
    </ClInclude>
    <ClInclude Include="C:\Users\isaac\Projects\aws-sdk-cpp\aws-cpp-sdk-codestar-connections\include\aws\codestar-connections\model\GetConnectionRequest.h">
      <Filter>Header Files\aws\codestar-connections\model</Filter>
    </ClInclude>
    <ClInclude Include="C:\Users\isaac\Projects\aws-sdk-cpp\aws-cpp-sdk-codestar-connections\include\aws\codestar-connections\model\GetConnectionResult.h">
      <Filter>Header Files\aws\codestar-connections\model</Filter>
    </ClInclude>
    <ClInclude Include="C:\Users\isaac\Projects\aws-sdk-cpp\aws-cpp-sdk-codestar-connections\include\aws\codestar-connections\model\GetHostRequest.h">
      <Filter>Header Files\aws\codestar-connections\model</Filter>
    </ClInclude>
    <ClInclude Include="C:\Users\isaac\Projects\aws-sdk-cpp\aws-cpp-sdk-codestar-connections\include\aws\codestar-connections\model\GetHostResult.h">
      <Filter>Header Files\aws\codestar-connections\model</Filter>
    </ClInclude>
    <ClInclude Include="C:\Users\isaac\Projects\aws-sdk-cpp\aws-cpp-sdk-codestar-connections\include\aws\codestar-connections\model\Host.h">
      <Filter>Header Files\aws\codestar-connections\model</Filter>
    </ClInclude>
    <ClInclude Include="C:\Users\isaac\Projects\aws-sdk-cpp\aws-cpp-sdk-codestar-connections\include\aws\codestar-connections\model\ListConnectionsRequest.h">
      <Filter>Header Files\aws\codestar-connections\model</Filter>
    </ClInclude>
    <ClInclude Include="C:\Users\isaac\Projects\aws-sdk-cpp\aws-cpp-sdk-codestar-connections\include\aws\codestar-connections\model\ListConnectionsResult.h">
      <Filter>Header Files\aws\codestar-connections\model</Filter>
    </ClInclude>
    <ClInclude Include="C:\Users\isaac\Projects\aws-sdk-cpp\aws-cpp-sdk-codestar-connections\include\aws\codestar-connections\model\ListHostsRequest.h">
      <Filter>Header Files\aws\codestar-connections\model</Filter>
    </ClInclude>
    <ClInclude Include="C:\Users\isaac\Projects\aws-sdk-cpp\aws-cpp-sdk-codestar-connections\include\aws\codestar-connections\model\ListHostsResult.h">
      <Filter>Header Files\aws\codestar-connections\model</Filter>
    </ClInclude>
    <ClInclude Include="C:\Users\isaac\Projects\aws-sdk-cpp\aws-cpp-sdk-codestar-connections\include\aws\codestar-connections\model\ListTagsForResourceRequest.h">
      <Filter>Header Files\aws\codestar-connections\model</Filter>
    </ClInclude>
    <ClInclude Include="C:\Users\isaac\Projects\aws-sdk-cpp\aws-cpp-sdk-codestar-connections\include\aws\codestar-connections\model\ListTagsForResourceResult.h">
      <Filter>Header Files\aws\codestar-connections\model</Filter>
    </ClInclude>
    <ClInclude Include="C:\Users\isaac\Projects\aws-sdk-cpp\aws-cpp-sdk-codestar-connections\include\aws\codestar-connections\model\ProviderType.h">
      <Filter>Header Files\aws\codestar-connections\model</Filter>
    </ClInclude>
    <ClInclude Include="C:\Users\isaac\Projects\aws-sdk-cpp\aws-cpp-sdk-codestar-connections\include\aws\codestar-connections\model\Tag.h">
      <Filter>Header Files\aws\codestar-connections\model</Filter>
    </ClInclude>
    <ClInclude Include="C:\Users\isaac\Projects\aws-sdk-cpp\aws-cpp-sdk-codestar-connections\include\aws\codestar-connections\model\TagResourceRequest.h">
      <Filter>Header Files\aws\codestar-connections\model</Filter>
    </ClInclude>
    <ClInclude Include="C:\Users\isaac\Projects\aws-sdk-cpp\aws-cpp-sdk-codestar-connections\include\aws\codestar-connections\model\TagResourceResult.h">
      <Filter>Header Files\aws\codestar-connections\model</Filter>
    </ClInclude>
    <ClInclude Include="C:\Users\isaac\Projects\aws-sdk-cpp\aws-cpp-sdk-codestar-connections\include\aws\codestar-connections\model\UntagResourceRequest.h">
      <Filter>Header Files\aws\codestar-connections\model</Filter>
    </ClInclude>
    <ClInclude Include="C:\Users\isaac\Projects\aws-sdk-cpp\aws-cpp-sdk-codestar-connections\include\aws\codestar-connections\model\UntagResourceResult.h">
      <Filter>Header Files\aws\codestar-connections\model</Filter>
    </ClInclude>
    <ClInclude Include="C:\Users\isaac\Projects\aws-sdk-cpp\aws-cpp-sdk-codestar-connections\include\aws\codestar-connections\model\VpcConfiguration.h">
      <Filter>Header Files\aws\codestar-connections\model</Filter>
    </ClInclude>
    <ClInclude Include="C:\Users\isaac\Projects\aws-sdk-cpp\aws-cpp-sdk-codestar-connections\source\CodeStarconnectionsClient.cpp">
      <Filter>Source Files</Filter>
    </ClInclude>
    <ClInclude Include="C:\Users\isaac\Projects\aws-sdk-cpp\aws-cpp-sdk-codestar-connections\source\CodeStarconnectionsEndpoint.cpp">
      <Filter>Source Files</Filter>
    </ClInclude>
    <ClInclude Include="C:\Users\isaac\Projects\aws-sdk-cpp\aws-cpp-sdk-codestar-connections\source\CodeStarconnectionsErrorMarshaller.cpp">
      <Filter>Source Files</Filter>
    </ClInclude>
    <ClInclude Include="C:\Users\isaac\Projects\aws-sdk-cpp\aws-cpp-sdk-codestar-connections\source\CodeStarconnectionsErrors.cpp">
      <Filter>Source Files</Filter>
    </ClInclude>
    <ClInclude Include="C:\Users\isaac\Projects\aws-sdk-cpp\aws-cpp-sdk-codestar-connections\source\model\Connection.cpp">
      <Filter>Source Files\model</Filter>
    </ClInclude>
    <ClInclude Include="C:\Users\isaac\Projects\aws-sdk-cpp\aws-cpp-sdk-codestar-connections\source\model\ConnectionStatus.cpp">
      <Filter>Source Files\model</Filter>
    </ClInclude>
    <ClInclude Include="C:\Users\isaac\Projects\aws-sdk-cpp\aws-cpp-sdk-codestar-connections\source\model\CreateConnectionRequest.cpp">
      <Filter>Source Files\model</Filter>
    </ClInclude>
    <ClInclude Include="C:\Users\isaac\Projects\aws-sdk-cpp\aws-cpp-sdk-codestar-connections\source\model\CreateConnectionResult.cpp">
      <Filter>Source Files\model</Filter>
    </ClInclude>
    <ClInclude Include="C:\Users\isaac\Projects\aws-sdk-cpp\aws-cpp-sdk-codestar-connections\source\model\CreateHostRequest.cpp">
      <Filter>Source Files\model</Filter>
    </ClInclude>
    <ClInclude Include="C:\Users\isaac\Projects\aws-sdk-cpp\aws-cpp-sdk-codestar-connections\source\model\CreateHostResult.cpp">
      <Filter>Source Files\model</Filter>
    </ClInclude>
    <ClInclude Include="C:\Users\isaac\Projects\aws-sdk-cpp\aws-cpp-sdk-codestar-connections\source\model\DeleteConnectionRequest.cpp">
      <Filter>Source Files\model</Filter>
    </ClInclude>
    <ClInclude Include="C:\Users\isaac\Projects\aws-sdk-cpp\aws-cpp-sdk-codestar-connections\source\model\DeleteConnectionResult.cpp">
      <Filter>Source Files\model</Filter>
    </ClInclude>
    <ClInclude Include="C:\Users\isaac\Projects\aws-sdk-cpp\aws-cpp-sdk-codestar-connections\source\model\DeleteHostRequest.cpp">
      <Filter>Source Files\model</Filter>
    </ClInclude>
    <ClInclude Include="C:\Users\isaac\Projects\aws-sdk-cpp\aws-cpp-sdk-codestar-connections\source\model\DeleteHostResult.cpp">
      <Filter>Source Files\model</Filter>
    </ClInclude>
    <ClInclude Include="C:\Users\isaac\Projects\aws-sdk-cpp\aws-cpp-sdk-codestar-connections\source\model\GetConnectionRequest.cpp">
      <Filter>Source Files\model</Filter>
    </ClInclude>
    <ClInclude Include="C:\Users\isaac\Projects\aws-sdk-cpp\aws-cpp-sdk-codestar-connections\source\model\GetConnectionResult.cpp">
      <Filter>Source Files\model</Filter>
    </ClInclude>
    <ClInclude Include="C:\Users\isaac\Projects\aws-sdk-cpp\aws-cpp-sdk-codestar-connections\source\model\GetHostRequest.cpp">
      <Filter>Source Files\model</Filter>
    </ClInclude>
    <ClInclude Include="C:\Users\isaac\Projects\aws-sdk-cpp\aws-cpp-sdk-codestar-connections\source\model\GetHostResult.cpp">
      <Filter>Source Files\model</Filter>
    </ClInclude>
    <ClInclude Include="C:\Users\isaac\Projects\aws-sdk-cpp\aws-cpp-sdk-codestar-connections\source\model\Host.cpp">
      <Filter>Source Files\model</Filter>
    </ClInclude>
    <ClInclude Include="C:\Users\isaac\Projects\aws-sdk-cpp\aws-cpp-sdk-codestar-connections\source\model\ListConnectionsRequest.cpp">
      <Filter>Source Files\model</Filter>
    </ClInclude>
    <ClInclude Include="C:\Users\isaac\Projects\aws-sdk-cpp\aws-cpp-sdk-codestar-connections\source\model\ListConnectionsResult.cpp">
      <Filter>Source Files\model</Filter>
    </ClInclude>
    <ClInclude Include="C:\Users\isaac\Projects\aws-sdk-cpp\aws-cpp-sdk-codestar-connections\source\model\ListHostsRequest.cpp">
      <Filter>Source Files\model</Filter>
    </ClInclude>
    <ClInclude Include="C:\Users\isaac\Projects\aws-sdk-cpp\aws-cpp-sdk-codestar-connections\source\model\ListHostsResult.cpp">
      <Filter>Source Files\model</Filter>
    </ClInclude>
    <ClInclude Include="C:\Users\isaac\Projects\aws-sdk-cpp\aws-cpp-sdk-codestar-connections\source\model\ListTagsForResourceRequest.cpp">
      <Filter>Source Files\model</Filter>
    </ClInclude>
    <ClInclude Include="C:\Users\isaac\Projects\aws-sdk-cpp\aws-cpp-sdk-codestar-connections\source\model\ListTagsForResourceResult.cpp">
      <Filter>Source Files\model</Filter>
    </ClInclude>
    <ClInclude Include="C:\Users\isaac\Projects\aws-sdk-cpp\aws-cpp-sdk-codestar-connections\source\model\ProviderType.cpp">
      <Filter>Source Files\model</Filter>
    </ClInclude>
    <ClInclude Include="C:\Users\isaac\Projects\aws-sdk-cpp\aws-cpp-sdk-codestar-connections\source\model\Tag.cpp">
      <Filter>Source Files\model</Filter>
    </ClInclude>
    <ClInclude Include="C:\Users\isaac\Projects\aws-sdk-cpp\aws-cpp-sdk-codestar-connections\source\model\TagResourceRequest.cpp">
      <Filter>Source Files\model</Filter>
    </ClInclude>
    <ClInclude Include="C:\Users\isaac\Projects\aws-sdk-cpp\aws-cpp-sdk-codestar-connections\source\model\TagResourceResult.cpp">
      <Filter>Source Files\model</Filter>
    </ClInclude>
    <ClInclude Include="C:\Users\isaac\Projects\aws-sdk-cpp\aws-cpp-sdk-codestar-connections\source\model\UntagResourceRequest.cpp">
      <Filter>Source Files\model</Filter>
    </ClInclude>
    <ClInclude Include="C:\Users\isaac\Projects\aws-sdk-cpp\aws-cpp-sdk-codestar-connections\source\model\UntagResourceResult.cpp">
      <Filter>Source Files\model</Filter>
    </ClInclude>
    <ClInclude Include="C:\Users\isaac\Projects\aws-sdk-cpp\aws-cpp-sdk-codestar-connections\source\model\VpcConfiguration.cpp">
      <Filter>Source Files\model</Filter>
    </ClInclude>
  </ItemGroup>
  <ItemGroup>
    <CustomBuild Include="C:\Users\isaac\Projects\aws-sdk-cpp\aws-cpp-sdk-codestar-connections\CMakeLists.txt" />
  </ItemGroup>
  <ItemGroup>
    <Filter Include="Header Files">
      <UniqueIdentifier>{1120F839-7E5B-3430-909B-F45ED1F34C4F}</UniqueIdentifier>
    </Filter>
    <Filter Include="Header Files\aws">
      <UniqueIdentifier>{003F55DC-ED11-3C60-843D-9249C7CF85F6}</UniqueIdentifier>
    </Filter>
    <Filter Include="Header Files\aws\codestar-connections">
      <UniqueIdentifier>{9E63B9A8-7156-39F6-8001-827604FCB868}</UniqueIdentifier>
    </Filter>
    <Filter Include="Header Files\aws\codestar-connections\model">
      <UniqueIdentifier>{66A3C222-EAD8-31D8-BB94-087A1225D57A}</UniqueIdentifier>
    </Filter>
    <Filter Include="Source Files">
      <UniqueIdentifier>{6F41ED37-8DD8-30E6-91B5-58B4486F0EE4}</UniqueIdentifier>
    </Filter>
    <Filter Include="Source Files\model">
      <UniqueIdentifier>{6F53B180-3C9E-31A4-BEC3-93FD46D6D297}</UniqueIdentifier>
    </Filter>
  </ItemGroup>
</Project>
