<?xml version="1.0" encoding="utf-8"?>
<Project ToolsVersion="16.0" xmlns="http://schemas.microsoft.com/developer/msbuild/2003">
  <ItemGroup>
    <ClCompile Include="C:\Users\isaac\Projects\aws-sdk-cpp\aws-cpp-sdk-iot-data\ub_IOT-DATA.cpp">
      <Filter>Source Files</Filter>
    </ClCompile>
  </ItemGroup>
  <ItemGroup>
    <ClInclude Include="C:\Users\isaac\Projects\aws-sdk-cpp\aws-cpp-sdk-iot-data\include\aws\iot-data\IoTDataPlaneClient.h">
      <Filter>Header Files\aws\iot-data</Filter>
    </ClInclude>
    <ClInclude Include="C:\Users\isaac\Projects\aws-sdk-cpp\aws-cpp-sdk-iot-data\include\aws\iot-data\IoTDataPlaneEndpoint.h">
      <Filter>Header Files\aws\iot-data</Filter>
    </ClInclude>
    <ClInclude Include="C:\Users\isaac\Projects\aws-sdk-cpp\aws-cpp-sdk-iot-data\include\aws\iot-data\IoTDataPlaneErrorMarshaller.h">
      <Filter>Header Files\aws\iot-data</Filter>
    </ClInclude>
    <ClInclude Include="C:\Users\isaac\Projects\aws-sdk-cpp\aws-cpp-sdk-iot-data\include\aws\iot-data\IoTDataPlaneErrors.h">
      <Filter>Header Files\aws\iot-data</Filter>
    </ClInclude>
    <ClInclude Include="C:\Users\isaac\Projects\aws-sdk-cpp\aws-cpp-sdk-iot-data\include\aws\iot-data\IoTDataPlaneRequest.h">
      <Filter>Header Files\aws\iot-data</Filter>
    </ClInclude>
    <ClInclude Include="C:\Users\isaac\Projects\aws-sdk-cpp\aws-cpp-sdk-iot-data\include\aws\iot-data\IoTDataPlane_EXPORTS.h">
      <Filter>Header Files\aws\iot-data</Filter>
    </ClInclude>
    <ClInclude Include="C:\Users\isaac\Projects\aws-sdk-cpp\aws-cpp-sdk-iot-data\include\aws\iot-data\model\DeleteThingShadowRequest.h">
      <Filter>Header Files\aws\iot-data\model</Filter>
    </ClInclude>
    <ClInclude Include="C:\Users\isaac\Projects\aws-sdk-cpp\aws-cpp-sdk-iot-data\include\aws\iot-data\model\DeleteThingShadowResult.h">
      <Filter>Header Files\aws\iot-data\model</Filter>
    </ClInclude>
    <ClInclude Include="C:\Users\isaac\Projects\aws-sdk-cpp\aws-cpp-sdk-iot-data\include\aws\iot-data\model\GetThingShadowRequest.h">
      <Filter>Header Files\aws\iot-data\model</Filter>
    </ClInclude>
    <ClInclude Include="C:\Users\isaac\Projects\aws-sdk-cpp\aws-cpp-sdk-iot-data\include\aws\iot-data\model\GetThingShadowResult.h">
      <Filter>Header Files\aws\iot-data\model</Filter>
    </ClInclude>
    <ClInclude Include="C:\Users\isaac\Projects\aws-sdk-cpp\aws-cpp-sdk-iot-data\include\aws\iot-data\model\ListNamedShadowsForThingRequest.h">
      <Filter>Header Files\aws\iot-data\model</Filter>
    </ClInclude>
    <ClInclude Include="C:\Users\isaac\Projects\aws-sdk-cpp\aws-cpp-sdk-iot-data\include\aws\iot-data\model\ListNamedShadowsForThingResult.h">
      <Filter>Header Files\aws\iot-data\model</Filter>
    </ClInclude>
    <ClInclude Include="C:\Users\isaac\Projects\aws-sdk-cpp\aws-cpp-sdk-iot-data\include\aws\iot-data\model\PublishRequest.h">
      <Filter>Header Files\aws\iot-data\model</Filter>
    </ClInclude>
    <ClInclude Include="C:\Users\isaac\Projects\aws-sdk-cpp\aws-cpp-sdk-iot-data\include\aws\iot-data\model\UpdateThingShadowRequest.h">
      <Filter>Header Files\aws\iot-data\model</Filter>
    </ClInclude>
    <ClInclude Include="C:\Users\isaac\Projects\aws-sdk-cpp\aws-cpp-sdk-iot-data\include\aws\iot-data\model\UpdateThingShadowResult.h">
      <Filter>Header Files\aws\iot-data\model</Filter>
    </ClInclude>
    <ClInclude Include="C:\Users\isaac\Projects\aws-sdk-cpp\aws-cpp-sdk-iot-data\source\IoTDataPlaneClient.cpp">
      <Filter>Source Files</Filter>
    </ClInclude>
    <ClInclude Include="C:\Users\isaac\Projects\aws-sdk-cpp\aws-cpp-sdk-iot-data\source\IoTDataPlaneEndpoint.cpp">
      <Filter>Source Files</Filter>
    </ClInclude>
    <ClInclude Include="C:\Users\isaac\Projects\aws-sdk-cpp\aws-cpp-sdk-iot-data\source\IoTDataPlaneErrorMarshaller.cpp">
      <Filter>Source Files</Filter>
    </ClInclude>
    <ClInclude Include="C:\Users\isaac\Projects\aws-sdk-cpp\aws-cpp-sdk-iot-data\source\IoTDataPlaneErrors.cpp">
      <Filter>Source Files</Filter>
    </ClInclude>
    <ClInclude Include="C:\Users\isaac\Projects\aws-sdk-cpp\aws-cpp-sdk-iot-data\source\model\DeleteThingShadowRequest.cpp">
      <Filter>Source Files\model</Filter>
    </ClInclude>
    <ClInclude Include="C:\Users\isaac\Projects\aws-sdk-cpp\aws-cpp-sdk-iot-data\source\model\DeleteThingShadowResult.cpp">
      <Filter>Source Files\model</Filter>
    </ClInclude>
    <ClInclude Include="C:\Users\isaac\Projects\aws-sdk-cpp\aws-cpp-sdk-iot-data\source\model\GetThingShadowRequest.cpp">
      <Filter>Source Files\model</Filter>
    </ClInclude>
    <ClInclude Include="C:\Users\isaac\Projects\aws-sdk-cpp\aws-cpp-sdk-iot-data\source\model\GetThingShadowResult.cpp">
      <Filter>Source Files\model</Filter>
    </ClInclude>
    <ClInclude Include="C:\Users\isaac\Projects\aws-sdk-cpp\aws-cpp-sdk-iot-data\source\model\ListNamedShadowsForThingRequest.cpp">
      <Filter>Source Files\model</Filter>
    </ClInclude>
    <ClInclude Include="C:\Users\isaac\Projects\aws-sdk-cpp\aws-cpp-sdk-iot-data\source\model\ListNamedShadowsForThingResult.cpp">
      <Filter>Source Files\model</Filter>
    </ClInclude>
    <ClInclude Include="C:\Users\isaac\Projects\aws-sdk-cpp\aws-cpp-sdk-iot-data\source\model\PublishRequest.cpp">
      <Filter>Source Files\model</Filter>
    </ClInclude>
    <ClInclude Include="C:\Users\isaac\Projects\aws-sdk-cpp\aws-cpp-sdk-iot-data\source\model\UpdateThingShadowRequest.cpp">
      <Filter>Source Files\model</Filter>
    </ClInclude>
    <ClInclude Include="C:\Users\isaac\Projects\aws-sdk-cpp\aws-cpp-sdk-iot-data\source\model\UpdateThingShadowResult.cpp">
      <Filter>Source Files\model</Filter>
    </ClInclude>
  </ItemGroup>
  <ItemGroup>
    <CustomBuild Include="C:\Users\isaac\Projects\aws-sdk-cpp\aws-cpp-sdk-iot-data\CMakeLists.txt" />
  </ItemGroup>
  <ItemGroup>
    <Filter Include="Header Files">
      <UniqueIdentifier>{1120F839-7E5B-3430-909B-F45ED1F34C4F}</UniqueIdentifier>
    </Filter>
    <Filter Include="Header Files\aws">
      <UniqueIdentifier>{003F55DC-ED11-3C60-843D-9249C7CF85F6}</UniqueIdentifier>
    </Filter>
    <Filter Include="Header Files\aws\iot-data">
      <UniqueIdentifier>{DDC9447A-DCD6-35C2-8C09-229DE0836C72}</UniqueIdentifier>
    </Filter>
    <Filter Include="Header Files\aws\iot-data\model">
      <UniqueIdentifier>{93F12E32-42E6-39F3-B065-A66BB7A2516A}</UniqueIdentifier>
    </Filter>
    <Filter Include="Source Files">
      <UniqueIdentifier>{6F41ED37-8DD8-30E6-91B5-58B4486F0EE4}</UniqueIdentifier>
    </Filter>
    <Filter Include="Source Files\model">
      <UniqueIdentifier>{6F53B180-3C9E-31A4-BEC3-93FD46D6D297}</UniqueIdentifier>
    </Filter>
  </ItemGroup>
</Project>
