<?xml version="1.0" encoding="utf-8"?>
<Project ToolsVersion="16.0" xmlns="http://schemas.microsoft.com/developer/msbuild/2003">
  <ItemGroup>
    <ClCompile Include="C:\Users\isaac\Projects\aws-sdk-cpp\aws-cpp-sdk-es\ub_ES.cpp">
      <Filter>Source Files</Filter>
    </ClCompile>
  </ItemGroup>
  <ItemGroup>
    <ClInclude Include="C:\Users\isaac\Projects\aws-sdk-cpp\aws-cpp-sdk-es\include\aws\es\ElasticsearchServiceClient.h">
      <Filter>Header Files\aws\es</Filter>
    </ClInclude>
    <ClInclude Include="C:\Users\isaac\Projects\aws-sdk-cpp\aws-cpp-sdk-es\include\aws\es\ElasticsearchServiceEndpoint.h">
      <Filter>Header Files\aws\es</Filter>
    </ClInclude>
    <ClInclude Include="C:\Users\isaac\Projects\aws-sdk-cpp\aws-cpp-sdk-es\include\aws\es\ElasticsearchServiceErrorMarshaller.h">
      <Filter>Header Files\aws\es</Filter>
    </ClInclude>
    <ClInclude Include="C:\Users\isaac\Projects\aws-sdk-cpp\aws-cpp-sdk-es\include\aws\es\ElasticsearchServiceErrors.h">
      <Filter>Header Files\aws\es</Filter>
    </ClInclude>
    <ClInclude Include="C:\Users\isaac\Projects\aws-sdk-cpp\aws-cpp-sdk-es\include\aws\es\ElasticsearchServiceRequest.h">
      <Filter>Header Files\aws\es</Filter>
    </ClInclude>
    <ClInclude Include="C:\Users\isaac\Projects\aws-sdk-cpp\aws-cpp-sdk-es\include\aws\es\ElasticsearchService_EXPORTS.h">
      <Filter>Header Files\aws\es</Filter>
    </ClInclude>
    <ClInclude Include="C:\Users\isaac\Projects\aws-sdk-cpp\aws-cpp-sdk-es\include\aws\es\model\AcceptInboundCrossClusterSearchConnectionRequest.h">
      <Filter>Header Files\aws\es\model</Filter>
    </ClInclude>
    <ClInclude Include="C:\Users\isaac\Projects\aws-sdk-cpp\aws-cpp-sdk-es\include\aws\es\model\AcceptInboundCrossClusterSearchConnectionResult.h">
      <Filter>Header Files\aws\es\model</Filter>
    </ClInclude>
    <ClInclude Include="C:\Users\isaac\Projects\aws-sdk-cpp\aws-cpp-sdk-es\include\aws\es\model\AccessPoliciesStatus.h">
      <Filter>Header Files\aws\es\model</Filter>
    </ClInclude>
    <ClInclude Include="C:\Users\isaac\Projects\aws-sdk-cpp\aws-cpp-sdk-es\include\aws\es\model\AddTagsRequest.h">
      <Filter>Header Files\aws\es\model</Filter>
    </ClInclude>
    <ClInclude Include="C:\Users\isaac\Projects\aws-sdk-cpp\aws-cpp-sdk-es\include\aws\es\model\AdditionalLimit.h">
      <Filter>Header Files\aws\es\model</Filter>
    </ClInclude>
    <ClInclude Include="C:\Users\isaac\Projects\aws-sdk-cpp\aws-cpp-sdk-es\include\aws\es\model\AdvancedOptionsStatus.h">
      <Filter>Header Files\aws\es\model</Filter>
    </ClInclude>
    <ClInclude Include="C:\Users\isaac\Projects\aws-sdk-cpp\aws-cpp-sdk-es\include\aws\es\model\AdvancedSecurityOptions.h">
      <Filter>Header Files\aws\es\model</Filter>
    </ClInclude>
    <ClInclude Include="C:\Users\isaac\Projects\aws-sdk-cpp\aws-cpp-sdk-es\include\aws\es\model\AdvancedSecurityOptionsInput.h">
      <Filter>Header Files\aws\es\model</Filter>
    </ClInclude>
    <ClInclude Include="C:\Users\isaac\Projects\aws-sdk-cpp\aws-cpp-sdk-es\include\aws\es\model\AdvancedSecurityOptionsStatus.h">
      <Filter>Header Files\aws\es\model</Filter>
    </ClInclude>
    <ClInclude Include="C:\Users\isaac\Projects\aws-sdk-cpp\aws-cpp-sdk-es\include\aws\es\model\AssociatePackageRequest.h">
      <Filter>Header Files\aws\es\model</Filter>
    </ClInclude>
    <ClInclude Include="C:\Users\isaac\Projects\aws-sdk-cpp\aws-cpp-sdk-es\include\aws\es\model\AssociatePackageResult.h">
      <Filter>Header Files\aws\es\model</Filter>
    </ClInclude>
    <ClInclude Include="C:\Users\isaac\Projects\aws-sdk-cpp\aws-cpp-sdk-es\include\aws\es\model\CancelElasticsearchServiceSoftwareUpdateRequest.h">
      <Filter>Header Files\aws\es\model</Filter>
    </ClInclude>
    <ClInclude Include="C:\Users\isaac\Projects\aws-sdk-cpp\aws-cpp-sdk-es\include\aws\es\model\CancelElasticsearchServiceSoftwareUpdateResult.h">
      <Filter>Header Files\aws\es\model</Filter>
    </ClInclude>
    <ClInclude Include="C:\Users\isaac\Projects\aws-sdk-cpp\aws-cpp-sdk-es\include\aws\es\model\CognitoOptions.h">
      <Filter>Header Files\aws\es\model</Filter>
    </ClInclude>
    <ClInclude Include="C:\Users\isaac\Projects\aws-sdk-cpp\aws-cpp-sdk-es\include\aws\es\model\CognitoOptionsStatus.h">
      <Filter>Header Files\aws\es\model</Filter>
    </ClInclude>
    <ClInclude Include="C:\Users\isaac\Projects\aws-sdk-cpp\aws-cpp-sdk-es\include\aws\es\model\CompatibleVersionsMap.h">
      <Filter>Header Files\aws\es\model</Filter>
    </ClInclude>
    <ClInclude Include="C:\Users\isaac\Projects\aws-sdk-cpp\aws-cpp-sdk-es\include\aws\es\model\CreateElasticsearchDomainRequest.h">
      <Filter>Header Files\aws\es\model</Filter>
    </ClInclude>
    <ClInclude Include="C:\Users\isaac\Projects\aws-sdk-cpp\aws-cpp-sdk-es\include\aws\es\model\CreateElasticsearchDomainResult.h">
      <Filter>Header Files\aws\es\model</Filter>
    </ClInclude>
    <ClInclude Include="C:\Users\isaac\Projects\aws-sdk-cpp\aws-cpp-sdk-es\include\aws\es\model\CreateOutboundCrossClusterSearchConnectionRequest.h">
      <Filter>Header Files\aws\es\model</Filter>
    </ClInclude>
    <ClInclude Include="C:\Users\isaac\Projects\aws-sdk-cpp\aws-cpp-sdk-es\include\aws\es\model\CreateOutboundCrossClusterSearchConnectionResult.h">
      <Filter>Header Files\aws\es\model</Filter>
    </ClInclude>
    <ClInclude Include="C:\Users\isaac\Projects\aws-sdk-cpp\aws-cpp-sdk-es\include\aws\es\model\CreatePackageRequest.h">
      <Filter>Header Files\aws\es\model</Filter>
    </ClInclude>
    <ClInclude Include="C:\Users\isaac\Projects\aws-sdk-cpp\aws-cpp-sdk-es\include\aws\es\model\CreatePackageResult.h">
      <Filter>Header Files\aws\es\model</Filter>
    </ClInclude>
    <ClInclude Include="C:\Users\isaac\Projects\aws-sdk-cpp\aws-cpp-sdk-es\include\aws\es\model\DeleteElasticsearchDomainRequest.h">
      <Filter>Header Files\aws\es\model</Filter>
    </ClInclude>
    <ClInclude Include="C:\Users\isaac\Projects\aws-sdk-cpp\aws-cpp-sdk-es\include\aws\es\model\DeleteElasticsearchDomainResult.h">
      <Filter>Header Files\aws\es\model</Filter>
    </ClInclude>
    <ClInclude Include="C:\Users\isaac\Projects\aws-sdk-cpp\aws-cpp-sdk-es\include\aws\es\model\DeleteInboundCrossClusterSearchConnectionRequest.h">
      <Filter>Header Files\aws\es\model</Filter>
    </ClInclude>
    <ClInclude Include="C:\Users\isaac\Projects\aws-sdk-cpp\aws-cpp-sdk-es\include\aws\es\model\DeleteInboundCrossClusterSearchConnectionResult.h">
      <Filter>Header Files\aws\es\model</Filter>
    </ClInclude>
    <ClInclude Include="C:\Users\isaac\Projects\aws-sdk-cpp\aws-cpp-sdk-es\include\aws\es\model\DeleteOutboundCrossClusterSearchConnectionRequest.h">
      <Filter>Header Files\aws\es\model</Filter>
    </ClInclude>
    <ClInclude Include="C:\Users\isaac\Projects\aws-sdk-cpp\aws-cpp-sdk-es\include\aws\es\model\DeleteOutboundCrossClusterSearchConnectionResult.h">
      <Filter>Header Files\aws\es\model</Filter>
    </ClInclude>
    <ClInclude Include="C:\Users\isaac\Projects\aws-sdk-cpp\aws-cpp-sdk-es\include\aws\es\model\DeletePackageRequest.h">
      <Filter>Header Files\aws\es\model</Filter>
    </ClInclude>
    <ClInclude Include="C:\Users\isaac\Projects\aws-sdk-cpp\aws-cpp-sdk-es\include\aws\es\model\DeletePackageResult.h">
      <Filter>Header Files\aws\es\model</Filter>
    </ClInclude>
    <ClInclude Include="C:\Users\isaac\Projects\aws-sdk-cpp\aws-cpp-sdk-es\include\aws\es\model\DeploymentStatus.h">
      <Filter>Header Files\aws\es\model</Filter>
    </ClInclude>
    <ClInclude Include="C:\Users\isaac\Projects\aws-sdk-cpp\aws-cpp-sdk-es\include\aws\es\model\DescribeElasticsearchDomainConfigRequest.h">
      <Filter>Header Files\aws\es\model</Filter>
    </ClInclude>
    <ClInclude Include="C:\Users\isaac\Projects\aws-sdk-cpp\aws-cpp-sdk-es\include\aws\es\model\DescribeElasticsearchDomainConfigResult.h">
      <Filter>Header Files\aws\es\model</Filter>
    </ClInclude>
    <ClInclude Include="C:\Users\isaac\Projects\aws-sdk-cpp\aws-cpp-sdk-es\include\aws\es\model\DescribeElasticsearchDomainRequest.h">
      <Filter>Header Files\aws\es\model</Filter>
    </ClInclude>
    <ClInclude Include="C:\Users\isaac\Projects\aws-sdk-cpp\aws-cpp-sdk-es\include\aws\es\model\DescribeElasticsearchDomainResult.h">
      <Filter>Header Files\aws\es\model</Filter>
    </ClInclude>
    <ClInclude Include="C:\Users\isaac\Projects\aws-sdk-cpp\aws-cpp-sdk-es\include\aws\es\model\DescribeElasticsearchDomainsRequest.h">
      <Filter>Header Files\aws\es\model</Filter>
    </ClInclude>
    <ClInclude Include="C:\Users\isaac\Projects\aws-sdk-cpp\aws-cpp-sdk-es\include\aws\es\model\DescribeElasticsearchDomainsResult.h">
      <Filter>Header Files\aws\es\model</Filter>
    </ClInclude>
    <ClInclude Include="C:\Users\isaac\Projects\aws-sdk-cpp\aws-cpp-sdk-es\include\aws\es\model\DescribeElasticsearchInstanceTypeLimitsRequest.h">
      <Filter>Header Files\aws\es\model</Filter>
    </ClInclude>
    <ClInclude Include="C:\Users\isaac\Projects\aws-sdk-cpp\aws-cpp-sdk-es\include\aws\es\model\DescribeElasticsearchInstanceTypeLimitsResult.h">
      <Filter>Header Files\aws\es\model</Filter>
    </ClInclude>
    <ClInclude Include="C:\Users\isaac\Projects\aws-sdk-cpp\aws-cpp-sdk-es\include\aws\es\model\DescribeInboundCrossClusterSearchConnectionsRequest.h">
      <Filter>Header Files\aws\es\model</Filter>
    </ClInclude>
    <ClInclude Include="C:\Users\isaac\Projects\aws-sdk-cpp\aws-cpp-sdk-es\include\aws\es\model\DescribeInboundCrossClusterSearchConnectionsResult.h">
      <Filter>Header Files\aws\es\model</Filter>
    </ClInclude>
    <ClInclude Include="C:\Users\isaac\Projects\aws-sdk-cpp\aws-cpp-sdk-es\include\aws\es\model\DescribeOutboundCrossClusterSearchConnectionsRequest.h">
      <Filter>Header Files\aws\es\model</Filter>
    </ClInclude>
    <ClInclude Include="C:\Users\isaac\Projects\aws-sdk-cpp\aws-cpp-sdk-es\include\aws\es\model\DescribeOutboundCrossClusterSearchConnectionsResult.h">
      <Filter>Header Files\aws\es\model</Filter>
    </ClInclude>
    <ClInclude Include="C:\Users\isaac\Projects\aws-sdk-cpp\aws-cpp-sdk-es\include\aws\es\model\DescribePackagesFilter.h">
      <Filter>Header Files\aws\es\model</Filter>
    </ClInclude>
    <ClInclude Include="C:\Users\isaac\Projects\aws-sdk-cpp\aws-cpp-sdk-es\include\aws\es\model\DescribePackagesFilterName.h">
      <Filter>Header Files\aws\es\model</Filter>
    </ClInclude>
    <ClInclude Include="C:\Users\isaac\Projects\aws-sdk-cpp\aws-cpp-sdk-es\include\aws\es\model\DescribePackagesRequest.h">
      <Filter>Header Files\aws\es\model</Filter>
    </ClInclude>
    <ClInclude Include="C:\Users\isaac\Projects\aws-sdk-cpp\aws-cpp-sdk-es\include\aws\es\model\DescribePackagesResult.h">
      <Filter>Header Files\aws\es\model</Filter>
    </ClInclude>
    <ClInclude Include="C:\Users\isaac\Projects\aws-sdk-cpp\aws-cpp-sdk-es\include\aws\es\model\DescribeReservedElasticsearchInstanceOfferingsRequest.h">
      <Filter>Header Files\aws\es\model</Filter>
    </ClInclude>
    <ClInclude Include="C:\Users\isaac\Projects\aws-sdk-cpp\aws-cpp-sdk-es\include\aws\es\model\DescribeReservedElasticsearchInstanceOfferingsResult.h">
      <Filter>Header Files\aws\es\model</Filter>
    </ClInclude>
    <ClInclude Include="C:\Users\isaac\Projects\aws-sdk-cpp\aws-cpp-sdk-es\include\aws\es\model\DescribeReservedElasticsearchInstancesRequest.h">
      <Filter>Header Files\aws\es\model</Filter>
    </ClInclude>
    <ClInclude Include="C:\Users\isaac\Projects\aws-sdk-cpp\aws-cpp-sdk-es\include\aws\es\model\DescribeReservedElasticsearchInstancesResult.h">
      <Filter>Header Files\aws\es\model</Filter>
    </ClInclude>
    <ClInclude Include="C:\Users\isaac\Projects\aws-sdk-cpp\aws-cpp-sdk-es\include\aws\es\model\DissociatePackageRequest.h">
      <Filter>Header Files\aws\es\model</Filter>
    </ClInclude>
    <ClInclude Include="C:\Users\isaac\Projects\aws-sdk-cpp\aws-cpp-sdk-es\include\aws\es\model\DissociatePackageResult.h">
      <Filter>Header Files\aws\es\model</Filter>
    </ClInclude>
    <ClInclude Include="C:\Users\isaac\Projects\aws-sdk-cpp\aws-cpp-sdk-es\include\aws\es\model\DomainEndpointOptions.h">
      <Filter>Header Files\aws\es\model</Filter>
    </ClInclude>
    <ClInclude Include="C:\Users\isaac\Projects\aws-sdk-cpp\aws-cpp-sdk-es\include\aws\es\model\DomainEndpointOptionsStatus.h">
      <Filter>Header Files\aws\es\model</Filter>
    </ClInclude>
    <ClInclude Include="C:\Users\isaac\Projects\aws-sdk-cpp\aws-cpp-sdk-es\include\aws\es\model\DomainInfo.h">
      <Filter>Header Files\aws\es\model</Filter>
    </ClInclude>
    <ClInclude Include="C:\Users\isaac\Projects\aws-sdk-cpp\aws-cpp-sdk-es\include\aws\es\model\DomainInformation.h">
      <Filter>Header Files\aws\es\model</Filter>
    </ClInclude>
    <ClInclude Include="C:\Users\isaac\Projects\aws-sdk-cpp\aws-cpp-sdk-es\include\aws\es\model\DomainPackageDetails.h">
      <Filter>Header Files\aws\es\model</Filter>
    </ClInclude>
    <ClInclude Include="C:\Users\isaac\Projects\aws-sdk-cpp\aws-cpp-sdk-es\include\aws\es\model\DomainPackageStatus.h">
      <Filter>Header Files\aws\es\model</Filter>
    </ClInclude>
    <ClInclude Include="C:\Users\isaac\Projects\aws-sdk-cpp\aws-cpp-sdk-es\include\aws\es\model\EBSOptions.h">
      <Filter>Header Files\aws\es\model</Filter>
    </ClInclude>
    <ClInclude Include="C:\Users\isaac\Projects\aws-sdk-cpp\aws-cpp-sdk-es\include\aws\es\model\EBSOptionsStatus.h">
      <Filter>Header Files\aws\es\model</Filter>
    </ClInclude>
    <ClInclude Include="C:\Users\isaac\Projects\aws-sdk-cpp\aws-cpp-sdk-es\include\aws\es\model\ESPartitionInstanceType.h">
      <Filter>Header Files\aws\es\model</Filter>
    </ClInclude>
    <ClInclude Include="C:\Users\isaac\Projects\aws-sdk-cpp\aws-cpp-sdk-es\include\aws\es\model\ESWarmPartitionInstanceType.h">
      <Filter>Header Files\aws\es\model</Filter>
    </ClInclude>
    <ClInclude Include="C:\Users\isaac\Projects\aws-sdk-cpp\aws-cpp-sdk-es\include\aws\es\model\ElasticsearchClusterConfig.h">
      <Filter>Header Files\aws\es\model</Filter>
    </ClInclude>
    <ClInclude Include="C:\Users\isaac\Projects\aws-sdk-cpp\aws-cpp-sdk-es\include\aws\es\model\ElasticsearchClusterConfigStatus.h">
      <Filter>Header Files\aws\es\model</Filter>
    </ClInclude>
    <ClInclude Include="C:\Users\isaac\Projects\aws-sdk-cpp\aws-cpp-sdk-es\include\aws\es\model\ElasticsearchDomainConfig.h">
      <Filter>Header Files\aws\es\model</Filter>
    </ClInclude>
    <ClInclude Include="C:\Users\isaac\Projects\aws-sdk-cpp\aws-cpp-sdk-es\include\aws\es\model\ElasticsearchDomainStatus.h">
      <Filter>Header Files\aws\es\model</Filter>
    </ClInclude>
    <ClInclude Include="C:\Users\isaac\Projects\aws-sdk-cpp\aws-cpp-sdk-es\include\aws\es\model\ElasticsearchVersionStatus.h">
      <Filter>Header Files\aws\es\model</Filter>
    </ClInclude>
    <ClInclude Include="C:\Users\isaac\Projects\aws-sdk-cpp\aws-cpp-sdk-es\include\aws\es\model\EncryptionAtRestOptions.h">
      <Filter>Header Files\aws\es\model</Filter>
    </ClInclude>
    <ClInclude Include="C:\Users\isaac\Projects\aws-sdk-cpp\aws-cpp-sdk-es\include\aws\es\model\EncryptionAtRestOptionsStatus.h">
      <Filter>Header Files\aws\es\model</Filter>
    </ClInclude>
    <ClInclude Include="C:\Users\isaac\Projects\aws-sdk-cpp\aws-cpp-sdk-es\include\aws\es\model\ErrorDetails.h">
      <Filter>Header Files\aws\es\model</Filter>
    </ClInclude>
    <ClInclude Include="C:\Users\isaac\Projects\aws-sdk-cpp\aws-cpp-sdk-es\include\aws\es\model\Filter.h">
      <Filter>Header Files\aws\es\model</Filter>
    </ClInclude>
    <ClInclude Include="C:\Users\isaac\Projects\aws-sdk-cpp\aws-cpp-sdk-es\include\aws\es\model\GetCompatibleElasticsearchVersionsRequest.h">
      <Filter>Header Files\aws\es\model</Filter>
    </ClInclude>
    <ClInclude Include="C:\Users\isaac\Projects\aws-sdk-cpp\aws-cpp-sdk-es\include\aws\es\model\GetCompatibleElasticsearchVersionsResult.h">
      <Filter>Header Files\aws\es\model</Filter>
    </ClInclude>
    <ClInclude Include="C:\Users\isaac\Projects\aws-sdk-cpp\aws-cpp-sdk-es\include\aws\es\model\GetUpgradeHistoryRequest.h">
      <Filter>Header Files\aws\es\model</Filter>
    </ClInclude>
    <ClInclude Include="C:\Users\isaac\Projects\aws-sdk-cpp\aws-cpp-sdk-es\include\aws\es\model\GetUpgradeHistoryResult.h">
      <Filter>Header Files\aws\es\model</Filter>
    </ClInclude>
    <ClInclude Include="C:\Users\isaac\Projects\aws-sdk-cpp\aws-cpp-sdk-es\include\aws\es\model\GetUpgradeStatusRequest.h">
      <Filter>Header Files\aws\es\model</Filter>
    </ClInclude>
    <ClInclude Include="C:\Users\isaac\Projects\aws-sdk-cpp\aws-cpp-sdk-es\include\aws\es\model\GetUpgradeStatusResult.h">
      <Filter>Header Files\aws\es\model</Filter>
    </ClInclude>
    <ClInclude Include="C:\Users\isaac\Projects\aws-sdk-cpp\aws-cpp-sdk-es\include\aws\es\model\InboundCrossClusterSearchConnection.h">
      <Filter>Header Files\aws\es\model</Filter>
    </ClInclude>
    <ClInclude Include="C:\Users\isaac\Projects\aws-sdk-cpp\aws-cpp-sdk-es\include\aws\es\model\InboundCrossClusterSearchConnectionStatus.h">
      <Filter>Header Files\aws\es\model</Filter>
    </ClInclude>
    <ClInclude Include="C:\Users\isaac\Projects\aws-sdk-cpp\aws-cpp-sdk-es\include\aws\es\model\InboundCrossClusterSearchConnectionStatusCode.h">
      <Filter>Header Files\aws\es\model</Filter>
    </ClInclude>
    <ClInclude Include="C:\Users\isaac\Projects\aws-sdk-cpp\aws-cpp-sdk-es\include\aws\es\model\InstanceCountLimits.h">
      <Filter>Header Files\aws\es\model</Filter>
    </ClInclude>
    <ClInclude Include="C:\Users\isaac\Projects\aws-sdk-cpp\aws-cpp-sdk-es\include\aws\es\model\InstanceLimits.h">
      <Filter>Header Files\aws\es\model</Filter>
    </ClInclude>
    <ClInclude Include="C:\Users\isaac\Projects\aws-sdk-cpp\aws-cpp-sdk-es\include\aws\es\model\Limits.h">
      <Filter>Header Files\aws\es\model</Filter>
    </ClInclude>
    <ClInclude Include="C:\Users\isaac\Projects\aws-sdk-cpp\aws-cpp-sdk-es\include\aws\es\model\ListDomainNamesResult.h">
      <Filter>Header Files\aws\es\model</Filter>
    </ClInclude>
    <ClInclude Include="C:\Users\isaac\Projects\aws-sdk-cpp\aws-cpp-sdk-es\include\aws\es\model\ListDomainsForPackageRequest.h">
      <Filter>Header Files\aws\es\model</Filter>
    </ClInclude>
    <ClInclude Include="C:\Users\isaac\Projects\aws-sdk-cpp\aws-cpp-sdk-es\include\aws\es\model\ListDomainsForPackageResult.h">
      <Filter>Header Files\aws\es\model</Filter>
    </ClInclude>
    <ClInclude Include="C:\Users\isaac\Projects\aws-sdk-cpp\aws-cpp-sdk-es\include\aws\es\model\ListElasticsearchInstanceTypesRequest.h">
      <Filter>Header Files\aws\es\model</Filter>
    </ClInclude>
    <ClInclude Include="C:\Users\isaac\Projects\aws-sdk-cpp\aws-cpp-sdk-es\include\aws\es\model\ListElasticsearchInstanceTypesResult.h">
      <Filter>Header Files\aws\es\model</Filter>
    </ClInclude>
    <ClInclude Include="C:\Users\isaac\Projects\aws-sdk-cpp\aws-cpp-sdk-es\include\aws\es\model\ListElasticsearchVersionsRequest.h">
      <Filter>Header Files\aws\es\model</Filter>
    </ClInclude>
    <ClInclude Include="C:\Users\isaac\Projects\aws-sdk-cpp\aws-cpp-sdk-es\include\aws\es\model\ListElasticsearchVersionsResult.h">
      <Filter>Header Files\aws\es\model</Filter>
    </ClInclude>
    <ClInclude Include="C:\Users\isaac\Projects\aws-sdk-cpp\aws-cpp-sdk-es\include\aws\es\model\ListPackagesForDomainRequest.h">
      <Filter>Header Files\aws\es\model</Filter>
    </ClInclude>
    <ClInclude Include="C:\Users\isaac\Projects\aws-sdk-cpp\aws-cpp-sdk-es\include\aws\es\model\ListPackagesForDomainResult.h">
      <Filter>Header Files\aws\es\model</Filter>
    </ClInclude>
    <ClInclude Include="C:\Users\isaac\Projects\aws-sdk-cpp\aws-cpp-sdk-es\include\aws\es\model\ListTagsRequest.h">
      <Filter>Header Files\aws\es\model</Filter>
    </ClInclude>
    <ClInclude Include="C:\Users\isaac\Projects\aws-sdk-cpp\aws-cpp-sdk-es\include\aws\es\model\ListTagsResult.h">
      <Filter>Header Files\aws\es\model</Filter>
    </ClInclude>
    <ClInclude Include="C:\Users\isaac\Projects\aws-sdk-cpp\aws-cpp-sdk-es\include\aws\es\model\LogPublishingOption.h">
      <Filter>Header Files\aws\es\model</Filter>
    </ClInclude>
    <ClInclude Include="C:\Users\isaac\Projects\aws-sdk-cpp\aws-cpp-sdk-es\include\aws\es\model\LogPublishingOptionsStatus.h">
      <Filter>Header Files\aws\es\model</Filter>
    </ClInclude>
    <ClInclude Include="C:\Users\isaac\Projects\aws-sdk-cpp\aws-cpp-sdk-es\include\aws\es\model\LogType.h">
      <Filter>Header Files\aws\es\model</Filter>
    </ClInclude>
    <ClInclude Include="C:\Users\isaac\Projects\aws-sdk-cpp\aws-cpp-sdk-es\include\aws\es\model\MasterUserOptions.h">
      <Filter>Header Files\aws\es\model</Filter>
    </ClInclude>
    <ClInclude Include="C:\Users\isaac\Projects\aws-sdk-cpp\aws-cpp-sdk-es\include\aws\es\model\NodeToNodeEncryptionOptions.h">
      <Filter>Header Files\aws\es\model</Filter>
    </ClInclude>
    <ClInclude Include="C:\Users\isaac\Projects\aws-sdk-cpp\aws-cpp-sdk-es\include\aws\es\model\NodeToNodeEncryptionOptionsStatus.h">
      <Filter>Header Files\aws\es\model</Filter>
    </ClInclude>
    <ClInclude Include="C:\Users\isaac\Projects\aws-sdk-cpp\aws-cpp-sdk-es\include\aws\es\model\OptionState.h">
      <Filter>Header Files\aws\es\model</Filter>
    </ClInclude>
    <ClInclude Include="C:\Users\isaac\Projects\aws-sdk-cpp\aws-cpp-sdk-es\include\aws\es\model\OptionStatus.h">
      <Filter>Header Files\aws\es\model</Filter>
    </ClInclude>
    <ClInclude Include="C:\Users\isaac\Projects\aws-sdk-cpp\aws-cpp-sdk-es\include\aws\es\model\OutboundCrossClusterSearchConnection.h">
      <Filter>Header Files\aws\es\model</Filter>
    </ClInclude>
    <ClInclude Include="C:\Users\isaac\Projects\aws-sdk-cpp\aws-cpp-sdk-es\include\aws\es\model\OutboundCrossClusterSearchConnectionStatus.h">
      <Filter>Header Files\aws\es\model</Filter>
    </ClInclude>
    <ClInclude Include="C:\Users\isaac\Projects\aws-sdk-cpp\aws-cpp-sdk-es\include\aws\es\model\OutboundCrossClusterSearchConnectionStatusCode.h">
      <Filter>Header Files\aws\es\model</Filter>
    </ClInclude>
    <ClInclude Include="C:\Users\isaac\Projects\aws-sdk-cpp\aws-cpp-sdk-es\include\aws\es\model\PackageDetails.h">
      <Filter>Header Files\aws\es\model</Filter>
    </ClInclude>
    <ClInclude Include="C:\Users\isaac\Projects\aws-sdk-cpp\aws-cpp-sdk-es\include\aws\es\model\PackageSource.h">
      <Filter>Header Files\aws\es\model</Filter>
    </ClInclude>
    <ClInclude Include="C:\Users\isaac\Projects\aws-sdk-cpp\aws-cpp-sdk-es\include\aws\es\model\PackageStatus.h">
      <Filter>Header Files\aws\es\model</Filter>
    </ClInclude>
    <ClInclude Include="C:\Users\isaac\Projects\aws-sdk-cpp\aws-cpp-sdk-es\include\aws\es\model\PackageType.h">
      <Filter>Header Files\aws\es\model</Filter>
    </ClInclude>
    <ClInclude Include="C:\Users\isaac\Projects\aws-sdk-cpp\aws-cpp-sdk-es\include\aws\es\model\PurchaseReservedElasticsearchInstanceOfferingRequest.h">
      <Filter>Header Files\aws\es\model</Filter>
    </ClInclude>
    <ClInclude Include="C:\Users\isaac\Projects\aws-sdk-cpp\aws-cpp-sdk-es\include\aws\es\model\PurchaseReservedElasticsearchInstanceOfferingResult.h">
      <Filter>Header Files\aws\es\model</Filter>
    </ClInclude>
    <ClInclude Include="C:\Users\isaac\Projects\aws-sdk-cpp\aws-cpp-sdk-es\include\aws\es\model\RecurringCharge.h">
      <Filter>Header Files\aws\es\model</Filter>
    </ClInclude>
    <ClInclude Include="C:\Users\isaac\Projects\aws-sdk-cpp\aws-cpp-sdk-es\include\aws\es\model\RejectInboundCrossClusterSearchConnectionRequest.h">
      <Filter>Header Files\aws\es\model</Filter>
    </ClInclude>
    <ClInclude Include="C:\Users\isaac\Projects\aws-sdk-cpp\aws-cpp-sdk-es\include\aws\es\model\RejectInboundCrossClusterSearchConnectionResult.h">
      <Filter>Header Files\aws\es\model</Filter>
    </ClInclude>
    <ClInclude Include="C:\Users\isaac\Projects\aws-sdk-cpp\aws-cpp-sdk-es\include\aws\es\model\RemoveTagsRequest.h">
      <Filter>Header Files\aws\es\model</Filter>
    </ClInclude>
    <ClInclude Include="C:\Users\isaac\Projects\aws-sdk-cpp\aws-cpp-sdk-es\include\aws\es\model\ReservedElasticsearchInstance.h">
      <Filter>Header Files\aws\es\model</Filter>
    </ClInclude>
    <ClInclude Include="C:\Users\isaac\Projects\aws-sdk-cpp\aws-cpp-sdk-es\include\aws\es\model\ReservedElasticsearchInstanceOffering.h">
      <Filter>Header Files\aws\es\model</Filter>
    </ClInclude>
    <ClInclude Include="C:\Users\isaac\Projects\aws-sdk-cpp\aws-cpp-sdk-es\include\aws\es\model\ReservedElasticsearchInstancePaymentOption.h">
      <Filter>Header Files\aws\es\model</Filter>
    </ClInclude>
    <ClInclude Include="C:\Users\isaac\Projects\aws-sdk-cpp\aws-cpp-sdk-es\include\aws\es\model\ServiceSoftwareOptions.h">
      <Filter>Header Files\aws\es\model</Filter>
    </ClInclude>
    <ClInclude Include="C:\Users\isaac\Projects\aws-sdk-cpp\aws-cpp-sdk-es\include\aws\es\model\SnapshotOptions.h">
      <Filter>Header Files\aws\es\model</Filter>
    </ClInclude>
    <ClInclude Include="C:\Users\isaac\Projects\aws-sdk-cpp\aws-cpp-sdk-es\include\aws\es\model\SnapshotOptionsStatus.h">
      <Filter>Header Files\aws\es\model</Filter>
    </ClInclude>
    <ClInclude Include="C:\Users\isaac\Projects\aws-sdk-cpp\aws-cpp-sdk-es\include\aws\es\model\StartElasticsearchServiceSoftwareUpdateRequest.h">
      <Filter>Header Files\aws\es\model</Filter>
    </ClInclude>
    <ClInclude Include="C:\Users\isaac\Projects\aws-sdk-cpp\aws-cpp-sdk-es\include\aws\es\model\StartElasticsearchServiceSoftwareUpdateResult.h">
      <Filter>Header Files\aws\es\model</Filter>
    </ClInclude>
    <ClInclude Include="C:\Users\isaac\Projects\aws-sdk-cpp\aws-cpp-sdk-es\include\aws\es\model\StorageType.h">
      <Filter>Header Files\aws\es\model</Filter>
    </ClInclude>
    <ClInclude Include="C:\Users\isaac\Projects\aws-sdk-cpp\aws-cpp-sdk-es\include\aws\es\model\StorageTypeLimit.h">
      <Filter>Header Files\aws\es\model</Filter>
    </ClInclude>
    <ClInclude Include="C:\Users\isaac\Projects\aws-sdk-cpp\aws-cpp-sdk-es\include\aws\es\model\TLSSecurityPolicy.h">
      <Filter>Header Files\aws\es\model</Filter>
    </ClInclude>
    <ClInclude Include="C:\Users\isaac\Projects\aws-sdk-cpp\aws-cpp-sdk-es\include\aws\es\model\Tag.h">
      <Filter>Header Files\aws\es\model</Filter>
    </ClInclude>
    <ClInclude Include="C:\Users\isaac\Projects\aws-sdk-cpp\aws-cpp-sdk-es\include\aws\es\model\UpdateElasticsearchDomainConfigRequest.h">
      <Filter>Header Files\aws\es\model</Filter>
    </ClInclude>
    <ClInclude Include="C:\Users\isaac\Projects\aws-sdk-cpp\aws-cpp-sdk-es\include\aws\es\model\UpdateElasticsearchDomainConfigResult.h">
      <Filter>Header Files\aws\es\model</Filter>
    </ClInclude>
    <ClInclude Include="C:\Users\isaac\Projects\aws-sdk-cpp\aws-cpp-sdk-es\include\aws\es\model\UpgradeElasticsearchDomainRequest.h">
      <Filter>Header Files\aws\es\model</Filter>
    </ClInclude>
    <ClInclude Include="C:\Users\isaac\Projects\aws-sdk-cpp\aws-cpp-sdk-es\include\aws\es\model\UpgradeElasticsearchDomainResult.h">
      <Filter>Header Files\aws\es\model</Filter>
    </ClInclude>
    <ClInclude Include="C:\Users\isaac\Projects\aws-sdk-cpp\aws-cpp-sdk-es\include\aws\es\model\UpgradeHistory.h">
      <Filter>Header Files\aws\es\model</Filter>
    </ClInclude>
    <ClInclude Include="C:\Users\isaac\Projects\aws-sdk-cpp\aws-cpp-sdk-es\include\aws\es\model\UpgradeStatus.h">
      <Filter>Header Files\aws\es\model</Filter>
    </ClInclude>
    <ClInclude Include="C:\Users\isaac\Projects\aws-sdk-cpp\aws-cpp-sdk-es\include\aws\es\model\UpgradeStep.h">
      <Filter>Header Files\aws\es\model</Filter>
    </ClInclude>
    <ClInclude Include="C:\Users\isaac\Projects\aws-sdk-cpp\aws-cpp-sdk-es\include\aws\es\model\UpgradeStepItem.h">
      <Filter>Header Files\aws\es\model</Filter>
    </ClInclude>
    <ClInclude Include="C:\Users\isaac\Projects\aws-sdk-cpp\aws-cpp-sdk-es\include\aws\es\model\VPCDerivedInfo.h">
      <Filter>Header Files\aws\es\model</Filter>
    </ClInclude>
    <ClInclude Include="C:\Users\isaac\Projects\aws-sdk-cpp\aws-cpp-sdk-es\include\aws\es\model\VPCDerivedInfoStatus.h">
      <Filter>Header Files\aws\es\model</Filter>
    </ClInclude>
    <ClInclude Include="C:\Users\isaac\Projects\aws-sdk-cpp\aws-cpp-sdk-es\include\aws\es\model\VPCOptions.h">
      <Filter>Header Files\aws\es\model</Filter>
    </ClInclude>
    <ClInclude Include="C:\Users\isaac\Projects\aws-sdk-cpp\aws-cpp-sdk-es\include\aws\es\model\VolumeType.h">
      <Filter>Header Files\aws\es\model</Filter>
    </ClInclude>
    <ClInclude Include="C:\Users\isaac\Projects\aws-sdk-cpp\aws-cpp-sdk-es\include\aws\es\model\ZoneAwarenessConfig.h">
      <Filter>Header Files\aws\es\model</Filter>
    </ClInclude>
    <ClInclude Include="C:\Users\isaac\Projects\aws-sdk-cpp\aws-cpp-sdk-es\source\ElasticsearchServiceClient.cpp">
      <Filter>Source Files</Filter>
    </ClInclude>
    <ClInclude Include="C:\Users\isaac\Projects\aws-sdk-cpp\aws-cpp-sdk-es\source\ElasticsearchServiceEndpoint.cpp">
      <Filter>Source Files</Filter>
    </ClInclude>
    <ClInclude Include="C:\Users\isaac\Projects\aws-sdk-cpp\aws-cpp-sdk-es\source\ElasticsearchServiceErrorMarshaller.cpp">
      <Filter>Source Files</Filter>
    </ClInclude>
    <ClInclude Include="C:\Users\isaac\Projects\aws-sdk-cpp\aws-cpp-sdk-es\source\ElasticsearchServiceErrors.cpp">
      <Filter>Source Files</Filter>
    </ClInclude>
    <ClInclude Include="C:\Users\isaac\Projects\aws-sdk-cpp\aws-cpp-sdk-es\source\model\AcceptInboundCrossClusterSearchConnectionRequest.cpp">
      <Filter>Source Files\model</Filter>
    </ClInclude>
    <ClInclude Include="C:\Users\isaac\Projects\aws-sdk-cpp\aws-cpp-sdk-es\source\model\AcceptInboundCrossClusterSearchConnectionResult.cpp">
      <Filter>Source Files\model</Filter>
    </ClInclude>
    <ClInclude Include="C:\Users\isaac\Projects\aws-sdk-cpp\aws-cpp-sdk-es\source\model\AccessPoliciesStatus.cpp">
      <Filter>Source Files\model</Filter>
    </ClInclude>
    <ClInclude Include="C:\Users\isaac\Projects\aws-sdk-cpp\aws-cpp-sdk-es\source\model\AddTagsRequest.cpp">
      <Filter>Source Files\model</Filter>
    </ClInclude>
    <ClInclude Include="C:\Users\isaac\Projects\aws-sdk-cpp\aws-cpp-sdk-es\source\model\AdditionalLimit.cpp">
      <Filter>Source Files\model</Filter>
    </ClInclude>
    <ClInclude Include="C:\Users\isaac\Projects\aws-sdk-cpp\aws-cpp-sdk-es\source\model\AdvancedOptionsStatus.cpp">
      <Filter>Source Files\model</Filter>
    </ClInclude>
    <ClInclude Include="C:\Users\isaac\Projects\aws-sdk-cpp\aws-cpp-sdk-es\source\model\AdvancedSecurityOptions.cpp">
      <Filter>Source Files\model</Filter>
    </ClInclude>
    <ClInclude Include="C:\Users\isaac\Projects\aws-sdk-cpp\aws-cpp-sdk-es\source\model\AdvancedSecurityOptionsInput.cpp">
      <Filter>Source Files\model</Filter>
    </ClInclude>
    <ClInclude Include="C:\Users\isaac\Projects\aws-sdk-cpp\aws-cpp-sdk-es\source\model\AdvancedSecurityOptionsStatus.cpp">
      <Filter>Source Files\model</Filter>
    </ClInclude>
    <ClInclude Include="C:\Users\isaac\Projects\aws-sdk-cpp\aws-cpp-sdk-es\source\model\AssociatePackageRequest.cpp">
      <Filter>Source Files\model</Filter>
    </ClInclude>
    <ClInclude Include="C:\Users\isaac\Projects\aws-sdk-cpp\aws-cpp-sdk-es\source\model\AssociatePackageResult.cpp">
      <Filter>Source Files\model</Filter>
    </ClInclude>
    <ClInclude Include="C:\Users\isaac\Projects\aws-sdk-cpp\aws-cpp-sdk-es\source\model\CancelElasticsearchServiceSoftwareUpdateRequest.cpp">
      <Filter>Source Files\model</Filter>
    </ClInclude>
    <ClInclude Include="C:\Users\isaac\Projects\aws-sdk-cpp\aws-cpp-sdk-es\source\model\CancelElasticsearchServiceSoftwareUpdateResult.cpp">
      <Filter>Source Files\model</Filter>
    </ClInclude>
    <ClInclude Include="C:\Users\isaac\Projects\aws-sdk-cpp\aws-cpp-sdk-es\source\model\CognitoOptions.cpp">
      <Filter>Source Files\model</Filter>
    </ClInclude>
    <ClInclude Include="C:\Users\isaac\Projects\aws-sdk-cpp\aws-cpp-sdk-es\source\model\CognitoOptionsStatus.cpp">
      <Filter>Source Files\model</Filter>
    </ClInclude>
    <ClInclude Include="C:\Users\isaac\Projects\aws-sdk-cpp\aws-cpp-sdk-es\source\model\CompatibleVersionsMap.cpp">
      <Filter>Source Files\model</Filter>
    </ClInclude>
    <ClInclude Include="C:\Users\isaac\Projects\aws-sdk-cpp\aws-cpp-sdk-es\source\model\CreateElasticsearchDomainRequest.cpp">
      <Filter>Source Files\model</Filter>
    </ClInclude>
    <ClInclude Include="C:\Users\isaac\Projects\aws-sdk-cpp\aws-cpp-sdk-es\source\model\CreateElasticsearchDomainResult.cpp">
      <Filter>Source Files\model</Filter>
    </ClInclude>
    <ClInclude Include="C:\Users\isaac\Projects\aws-sdk-cpp\aws-cpp-sdk-es\source\model\CreateOutboundCrossClusterSearchConnectionRequest.cpp">
      <Filter>Source Files\model</Filter>
    </ClInclude>
    <ClInclude Include="C:\Users\isaac\Projects\aws-sdk-cpp\aws-cpp-sdk-es\source\model\CreateOutboundCrossClusterSearchConnectionResult.cpp">
      <Filter>Source Files\model</Filter>
    </ClInclude>
    <ClInclude Include="C:\Users\isaac\Projects\aws-sdk-cpp\aws-cpp-sdk-es\source\model\CreatePackageRequest.cpp">
      <Filter>Source Files\model</Filter>
    </ClInclude>
    <ClInclude Include="C:\Users\isaac\Projects\aws-sdk-cpp\aws-cpp-sdk-es\source\model\CreatePackageResult.cpp">
      <Filter>Source Files\model</Filter>
    </ClInclude>
    <ClInclude Include="C:\Users\isaac\Projects\aws-sdk-cpp\aws-cpp-sdk-es\source\model\DeleteElasticsearchDomainRequest.cpp">
      <Filter>Source Files\model</Filter>
    </ClInclude>
    <ClInclude Include="C:\Users\isaac\Projects\aws-sdk-cpp\aws-cpp-sdk-es\source\model\DeleteElasticsearchDomainResult.cpp">
      <Filter>Source Files\model</Filter>
    </ClInclude>
    <ClInclude Include="C:\Users\isaac\Projects\aws-sdk-cpp\aws-cpp-sdk-es\source\model\DeleteInboundCrossClusterSearchConnectionRequest.cpp">
      <Filter>Source Files\model</Filter>
    </ClInclude>
    <ClInclude Include="C:\Users\isaac\Projects\aws-sdk-cpp\aws-cpp-sdk-es\source\model\DeleteInboundCrossClusterSearchConnectionResult.cpp">
      <Filter>Source Files\model</Filter>
    </ClInclude>
    <ClInclude Include="C:\Users\isaac\Projects\aws-sdk-cpp\aws-cpp-sdk-es\source\model\DeleteOutboundCrossClusterSearchConnectionRequest.cpp">
      <Filter>Source Files\model</Filter>
    </ClInclude>
    <ClInclude Include="C:\Users\isaac\Projects\aws-sdk-cpp\aws-cpp-sdk-es\source\model\DeleteOutboundCrossClusterSearchConnectionResult.cpp">
      <Filter>Source Files\model</Filter>
    </ClInclude>
    <ClInclude Include="C:\Users\isaac\Projects\aws-sdk-cpp\aws-cpp-sdk-es\source\model\DeletePackageRequest.cpp">
      <Filter>Source Files\model</Filter>
    </ClInclude>
    <ClInclude Include="C:\Users\isaac\Projects\aws-sdk-cpp\aws-cpp-sdk-es\source\model\DeletePackageResult.cpp">
      <Filter>Source Files\model</Filter>
    </ClInclude>
    <ClInclude Include="C:\Users\isaac\Projects\aws-sdk-cpp\aws-cpp-sdk-es\source\model\DeploymentStatus.cpp">
      <Filter>Source Files\model</Filter>
    </ClInclude>
    <ClInclude Include="C:\Users\isaac\Projects\aws-sdk-cpp\aws-cpp-sdk-es\source\model\DescribeElasticsearchDomainConfigRequest.cpp">
      <Filter>Source Files\model</Filter>
    </ClInclude>
    <ClInclude Include="C:\Users\isaac\Projects\aws-sdk-cpp\aws-cpp-sdk-es\source\model\DescribeElasticsearchDomainConfigResult.cpp">
      <Filter>Source Files\model</Filter>
    </ClInclude>
    <ClInclude Include="C:\Users\isaac\Projects\aws-sdk-cpp\aws-cpp-sdk-es\source\model\DescribeElasticsearchDomainRequest.cpp">
      <Filter>Source Files\model</Filter>
    </ClInclude>
    <ClInclude Include="C:\Users\isaac\Projects\aws-sdk-cpp\aws-cpp-sdk-es\source\model\DescribeElasticsearchDomainResult.cpp">
      <Filter>Source Files\model</Filter>
    </ClInclude>
    <ClInclude Include="C:\Users\isaac\Projects\aws-sdk-cpp\aws-cpp-sdk-es\source\model\DescribeElasticsearchDomainsRequest.cpp">
      <Filter>Source Files\model</Filter>
    </ClInclude>
    <ClInclude Include="C:\Users\isaac\Projects\aws-sdk-cpp\aws-cpp-sdk-es\source\model\DescribeElasticsearchDomainsResult.cpp">
      <Filter>Source Files\model</Filter>
    </ClInclude>
    <ClInclude Include="C:\Users\isaac\Projects\aws-sdk-cpp\aws-cpp-sdk-es\source\model\DescribeElasticsearchInstanceTypeLimitsRequest.cpp">
      <Filter>Source Files\model</Filter>
    </ClInclude>
    <ClInclude Include="C:\Users\isaac\Projects\aws-sdk-cpp\aws-cpp-sdk-es\source\model\DescribeElasticsearchInstanceTypeLimitsResult.cpp">
      <Filter>Source Files\model</Filter>
    </ClInclude>
    <ClInclude Include="C:\Users\isaac\Projects\aws-sdk-cpp\aws-cpp-sdk-es\source\model\DescribeInboundCrossClusterSearchConnectionsRequest.cpp">
      <Filter>Source Files\model</Filter>
    </ClInclude>
    <ClInclude Include="C:\Users\isaac\Projects\aws-sdk-cpp\aws-cpp-sdk-es\source\model\DescribeInboundCrossClusterSearchConnectionsResult.cpp">
      <Filter>Source Files\model</Filter>
    </ClInclude>
    <ClInclude Include="C:\Users\isaac\Projects\aws-sdk-cpp\aws-cpp-sdk-es\source\model\DescribeOutboundCrossClusterSearchConnectionsRequest.cpp">
      <Filter>Source Files\model</Filter>
    </ClInclude>
    <ClInclude Include="C:\Users\isaac\Projects\aws-sdk-cpp\aws-cpp-sdk-es\source\model\DescribeOutboundCrossClusterSearchConnectionsResult.cpp">
      <Filter>Source Files\model</Filter>
    </ClInclude>
    <ClInclude Include="C:\Users\isaac\Projects\aws-sdk-cpp\aws-cpp-sdk-es\source\model\DescribePackagesFilter.cpp">
      <Filter>Source Files\model</Filter>
    </ClInclude>
    <ClInclude Include="C:\Users\isaac\Projects\aws-sdk-cpp\aws-cpp-sdk-es\source\model\DescribePackagesFilterName.cpp">
      <Filter>Source Files\model</Filter>
    </ClInclude>
    <ClInclude Include="C:\Users\isaac\Projects\aws-sdk-cpp\aws-cpp-sdk-es\source\model\DescribePackagesRequest.cpp">
      <Filter>Source Files\model</Filter>
    </ClInclude>
    <ClInclude Include="C:\Users\isaac\Projects\aws-sdk-cpp\aws-cpp-sdk-es\source\model\DescribePackagesResult.cpp">
      <Filter>Source Files\model</Filter>
    </ClInclude>
    <ClInclude Include="C:\Users\isaac\Projects\aws-sdk-cpp\aws-cpp-sdk-es\source\model\DescribeReservedElasticsearchInstanceOfferingsRequest.cpp">
      <Filter>Source Files\model</Filter>
    </ClInclude>
    <ClInclude Include="C:\Users\isaac\Projects\aws-sdk-cpp\aws-cpp-sdk-es\source\model\DescribeReservedElasticsearchInstanceOfferingsResult.cpp">
      <Filter>Source Files\model</Filter>
    </ClInclude>
    <ClInclude Include="C:\Users\isaac\Projects\aws-sdk-cpp\aws-cpp-sdk-es\source\model\DescribeReservedElasticsearchInstancesRequest.cpp">
      <Filter>Source Files\model</Filter>
    </ClInclude>
    <ClInclude Include="C:\Users\isaac\Projects\aws-sdk-cpp\aws-cpp-sdk-es\source\model\DescribeReservedElasticsearchInstancesResult.cpp">
      <Filter>Source Files\model</Filter>
    </ClInclude>
    <ClInclude Include="C:\Users\isaac\Projects\aws-sdk-cpp\aws-cpp-sdk-es\source\model\DissociatePackageRequest.cpp">
      <Filter>Source Files\model</Filter>
    </ClInclude>
    <ClInclude Include="C:\Users\isaac\Projects\aws-sdk-cpp\aws-cpp-sdk-es\source\model\DissociatePackageResult.cpp">
      <Filter>Source Files\model</Filter>
    </ClInclude>
    <ClInclude Include="C:\Users\isaac\Projects\aws-sdk-cpp\aws-cpp-sdk-es\source\model\DomainEndpointOptions.cpp">
      <Filter>Source Files\model</Filter>
    </ClInclude>
    <ClInclude Include="C:\Users\isaac\Projects\aws-sdk-cpp\aws-cpp-sdk-es\source\model\DomainEndpointOptionsStatus.cpp">
      <Filter>Source Files\model</Filter>
    </ClInclude>
    <ClInclude Include="C:\Users\isaac\Projects\aws-sdk-cpp\aws-cpp-sdk-es\source\model\DomainInfo.cpp">
      <Filter>Source Files\model</Filter>
    </ClInclude>
    <ClInclude Include="C:\Users\isaac\Projects\aws-sdk-cpp\aws-cpp-sdk-es\source\model\DomainInformation.cpp">
      <Filter>Source Files\model</Filter>
    </ClInclude>
    <ClInclude Include="C:\Users\isaac\Projects\aws-sdk-cpp\aws-cpp-sdk-es\source\model\DomainPackageDetails.cpp">
      <Filter>Source Files\model</Filter>
    </ClInclude>
    <ClInclude Include="C:\Users\isaac\Projects\aws-sdk-cpp\aws-cpp-sdk-es\source\model\DomainPackageStatus.cpp">
      <Filter>Source Files\model</Filter>
    </ClInclude>
    <ClInclude Include="C:\Users\isaac\Projects\aws-sdk-cpp\aws-cpp-sdk-es\source\model\EBSOptions.cpp">
      <Filter>Source Files\model</Filter>
    </ClInclude>
    <ClInclude Include="C:\Users\isaac\Projects\aws-sdk-cpp\aws-cpp-sdk-es\source\model\EBSOptionsStatus.cpp">
      <Filter>Source Files\model</Filter>
    </ClInclude>
    <ClInclude Include="C:\Users\isaac\Projects\aws-sdk-cpp\aws-cpp-sdk-es\source\model\ESPartitionInstanceType.cpp">
      <Filter>Source Files\model</Filter>
    </ClInclude>
    <ClInclude Include="C:\Users\isaac\Projects\aws-sdk-cpp\aws-cpp-sdk-es\source\model\ESWarmPartitionInstanceType.cpp">
      <Filter>Source Files\model</Filter>
    </ClInclude>
    <ClInclude Include="C:\Users\isaac\Projects\aws-sdk-cpp\aws-cpp-sdk-es\source\model\ElasticsearchClusterConfig.cpp">
      <Filter>Source Files\model</Filter>
    </ClInclude>
    <ClInclude Include="C:\Users\isaac\Projects\aws-sdk-cpp\aws-cpp-sdk-es\source\model\ElasticsearchClusterConfigStatus.cpp">
      <Filter>Source Files\model</Filter>
    </ClInclude>
    <ClInclude Include="C:\Users\isaac\Projects\aws-sdk-cpp\aws-cpp-sdk-es\source\model\ElasticsearchDomainConfig.cpp">
      <Filter>Source Files\model</Filter>
    </ClInclude>
    <ClInclude Include="C:\Users\isaac\Projects\aws-sdk-cpp\aws-cpp-sdk-es\source\model\ElasticsearchDomainStatus.cpp">
      <Filter>Source Files\model</Filter>
    </ClInclude>
    <ClInclude Include="C:\Users\isaac\Projects\aws-sdk-cpp\aws-cpp-sdk-es\source\model\ElasticsearchVersionStatus.cpp">
      <Filter>Source Files\model</Filter>
    </ClInclude>
    <ClInclude Include="C:\Users\isaac\Projects\aws-sdk-cpp\aws-cpp-sdk-es\source\model\EncryptionAtRestOptions.cpp">
      <Filter>Source Files\model</Filter>
    </ClInclude>
    <ClInclude Include="C:\Users\isaac\Projects\aws-sdk-cpp\aws-cpp-sdk-es\source\model\EncryptionAtRestOptionsStatus.cpp">
      <Filter>Source Files\model</Filter>
    </ClInclude>
    <ClInclude Include="C:\Users\isaac\Projects\aws-sdk-cpp\aws-cpp-sdk-es\source\model\ErrorDetails.cpp">
      <Filter>Source Files\model</Filter>
    </ClInclude>
    <ClInclude Include="C:\Users\isaac\Projects\aws-sdk-cpp\aws-cpp-sdk-es\source\model\Filter.cpp">
      <Filter>Source Files\model</Filter>
    </ClInclude>
    <ClInclude Include="C:\Users\isaac\Projects\aws-sdk-cpp\aws-cpp-sdk-es\source\model\GetCompatibleElasticsearchVersionsRequest.cpp">
      <Filter>Source Files\model</Filter>
    </ClInclude>
    <ClInclude Include="C:\Users\isaac\Projects\aws-sdk-cpp\aws-cpp-sdk-es\source\model\GetCompatibleElasticsearchVersionsResult.cpp">
      <Filter>Source Files\model</Filter>
    </ClInclude>
    <ClInclude Include="C:\Users\isaac\Projects\aws-sdk-cpp\aws-cpp-sdk-es\source\model\GetUpgradeHistoryRequest.cpp">
      <Filter>Source Files\model</Filter>
    </ClInclude>
    <ClInclude Include="C:\Users\isaac\Projects\aws-sdk-cpp\aws-cpp-sdk-es\source\model\GetUpgradeHistoryResult.cpp">
      <Filter>Source Files\model</Filter>
    </ClInclude>
    <ClInclude Include="C:\Users\isaac\Projects\aws-sdk-cpp\aws-cpp-sdk-es\source\model\GetUpgradeStatusRequest.cpp">
      <Filter>Source Files\model</Filter>
    </ClInclude>
    <ClInclude Include="C:\Users\isaac\Projects\aws-sdk-cpp\aws-cpp-sdk-es\source\model\GetUpgradeStatusResult.cpp">
      <Filter>Source Files\model</Filter>
    </ClInclude>
    <ClInclude Include="C:\Users\isaac\Projects\aws-sdk-cpp\aws-cpp-sdk-es\source\model\InboundCrossClusterSearchConnection.cpp">
      <Filter>Source Files\model</Filter>
    </ClInclude>
    <ClInclude Include="C:\Users\isaac\Projects\aws-sdk-cpp\aws-cpp-sdk-es\source\model\InboundCrossClusterSearchConnectionStatus.cpp">
      <Filter>Source Files\model</Filter>
    </ClInclude>
    <ClInclude Include="C:\Users\isaac\Projects\aws-sdk-cpp\aws-cpp-sdk-es\source\model\InboundCrossClusterSearchConnectionStatusCode.cpp">
      <Filter>Source Files\model</Filter>
    </ClInclude>
    <ClInclude Include="C:\Users\isaac\Projects\aws-sdk-cpp\aws-cpp-sdk-es\source\model\InstanceCountLimits.cpp">
      <Filter>Source Files\model</Filter>
    </ClInclude>
    <ClInclude Include="C:\Users\isaac\Projects\aws-sdk-cpp\aws-cpp-sdk-es\source\model\InstanceLimits.cpp">
      <Filter>Source Files\model</Filter>
    </ClInclude>
    <ClInclude Include="C:\Users\isaac\Projects\aws-sdk-cpp\aws-cpp-sdk-es\source\model\Limits.cpp">
      <Filter>Source Files\model</Filter>
    </ClInclude>
    <ClInclude Include="C:\Users\isaac\Projects\aws-sdk-cpp\aws-cpp-sdk-es\source\model\ListDomainNamesResult.cpp">
      <Filter>Source Files\model</Filter>
    </ClInclude>
    <ClInclude Include="C:\Users\isaac\Projects\aws-sdk-cpp\aws-cpp-sdk-es\source\model\ListDomainsForPackageRequest.cpp">
      <Filter>Source Files\model</Filter>
    </ClInclude>
    <ClInclude Include="C:\Users\isaac\Projects\aws-sdk-cpp\aws-cpp-sdk-es\source\model\ListDomainsForPackageResult.cpp">
      <Filter>Source Files\model</Filter>
    </ClInclude>
    <ClInclude Include="C:\Users\isaac\Projects\aws-sdk-cpp\aws-cpp-sdk-es\source\model\ListElasticsearchInstanceTypesRequest.cpp">
      <Filter>Source Files\model</Filter>
    </ClInclude>
    <ClInclude Include="C:\Users\isaac\Projects\aws-sdk-cpp\aws-cpp-sdk-es\source\model\ListElasticsearchInstanceTypesResult.cpp">
      <Filter>Source Files\model</Filter>
    </ClInclude>
    <ClInclude Include="C:\Users\isaac\Projects\aws-sdk-cpp\aws-cpp-sdk-es\source\model\ListElasticsearchVersionsRequest.cpp">
      <Filter>Source Files\model</Filter>
    </ClInclude>
    <ClInclude Include="C:\Users\isaac\Projects\aws-sdk-cpp\aws-cpp-sdk-es\source\model\ListElasticsearchVersionsResult.cpp">
      <Filter>Source Files\model</Filter>
    </ClInclude>
    <ClInclude Include="C:\Users\isaac\Projects\aws-sdk-cpp\aws-cpp-sdk-es\source\model\ListPackagesForDomainRequest.cpp">
      <Filter>Source Files\model</Filter>
    </ClInclude>
    <ClInclude Include="C:\Users\isaac\Projects\aws-sdk-cpp\aws-cpp-sdk-es\source\model\ListPackagesForDomainResult.cpp">
      <Filter>Source Files\model</Filter>
    </ClInclude>
    <ClInclude Include="C:\Users\isaac\Projects\aws-sdk-cpp\aws-cpp-sdk-es\source\model\ListTagsRequest.cpp">
      <Filter>Source Files\model</Filter>
    </ClInclude>
    <ClInclude Include="C:\Users\isaac\Projects\aws-sdk-cpp\aws-cpp-sdk-es\source\model\ListTagsResult.cpp">
      <Filter>Source Files\model</Filter>
    </ClInclude>
    <ClInclude Include="C:\Users\isaac\Projects\aws-sdk-cpp\aws-cpp-sdk-es\source\model\LogPublishingOption.cpp">
      <Filter>Source Files\model</Filter>
    </ClInclude>
    <ClInclude Include="C:\Users\isaac\Projects\aws-sdk-cpp\aws-cpp-sdk-es\source\model\LogPublishingOptionsStatus.cpp">
      <Filter>Source Files\model</Filter>
    </ClInclude>
    <ClInclude Include="C:\Users\isaac\Projects\aws-sdk-cpp\aws-cpp-sdk-es\source\model\LogType.cpp">
      <Filter>Source Files\model</Filter>
    </ClInclude>
    <ClInclude Include="C:\Users\isaac\Projects\aws-sdk-cpp\aws-cpp-sdk-es\source\model\MasterUserOptions.cpp">
      <Filter>Source Files\model</Filter>
    </ClInclude>
    <ClInclude Include="C:\Users\isaac\Projects\aws-sdk-cpp\aws-cpp-sdk-es\source\model\NodeToNodeEncryptionOptions.cpp">
      <Filter>Source Files\model</Filter>
    </ClInclude>
    <ClInclude Include="C:\Users\isaac\Projects\aws-sdk-cpp\aws-cpp-sdk-es\source\model\NodeToNodeEncryptionOptionsStatus.cpp">
      <Filter>Source Files\model</Filter>
    </ClInclude>
    <ClInclude Include="C:\Users\isaac\Projects\aws-sdk-cpp\aws-cpp-sdk-es\source\model\OptionState.cpp">
      <Filter>Source Files\model</Filter>
    </ClInclude>
    <ClInclude Include="C:\Users\isaac\Projects\aws-sdk-cpp\aws-cpp-sdk-es\source\model\OptionStatus.cpp">
      <Filter>Source Files\model</Filter>
    </ClInclude>
    <ClInclude Include="C:\Users\isaac\Projects\aws-sdk-cpp\aws-cpp-sdk-es\source\model\OutboundCrossClusterSearchConnection.cpp">
      <Filter>Source Files\model</Filter>
    </ClInclude>
    <ClInclude Include="C:\Users\isaac\Projects\aws-sdk-cpp\aws-cpp-sdk-es\source\model\OutboundCrossClusterSearchConnectionStatus.cpp">
      <Filter>Source Files\model</Filter>
    </ClInclude>
    <ClInclude Include="C:\Users\isaac\Projects\aws-sdk-cpp\aws-cpp-sdk-es\source\model\OutboundCrossClusterSearchConnectionStatusCode.cpp">
      <Filter>Source Files\model</Filter>
    </ClInclude>
    <ClInclude Include="C:\Users\isaac\Projects\aws-sdk-cpp\aws-cpp-sdk-es\source\model\PackageDetails.cpp">
      <Filter>Source Files\model</Filter>
    </ClInclude>
    <ClInclude Include="C:\Users\isaac\Projects\aws-sdk-cpp\aws-cpp-sdk-es\source\model\PackageSource.cpp">
      <Filter>Source Files\model</Filter>
    </ClInclude>
    <ClInclude Include="C:\Users\isaac\Projects\aws-sdk-cpp\aws-cpp-sdk-es\source\model\PackageStatus.cpp">
      <Filter>Source Files\model</Filter>
    </ClInclude>
    <ClInclude Include="C:\Users\isaac\Projects\aws-sdk-cpp\aws-cpp-sdk-es\source\model\PackageType.cpp">
      <Filter>Source Files\model</Filter>
    </ClInclude>
    <ClInclude Include="C:\Users\isaac\Projects\aws-sdk-cpp\aws-cpp-sdk-es\source\model\PurchaseReservedElasticsearchInstanceOfferingRequest.cpp">
      <Filter>Source Files\model</Filter>
    </ClInclude>
    <ClInclude Include="C:\Users\isaac\Projects\aws-sdk-cpp\aws-cpp-sdk-es\source\model\PurchaseReservedElasticsearchInstanceOfferingResult.cpp">
      <Filter>Source Files\model</Filter>
    </ClInclude>
    <ClInclude Include="C:\Users\isaac\Projects\aws-sdk-cpp\aws-cpp-sdk-es\source\model\RecurringCharge.cpp">
      <Filter>Source Files\model</Filter>
    </ClInclude>
    <ClInclude Include="C:\Users\isaac\Projects\aws-sdk-cpp\aws-cpp-sdk-es\source\model\RejectInboundCrossClusterSearchConnectionRequest.cpp">
      <Filter>Source Files\model</Filter>
    </ClInclude>
    <ClInclude Include="C:\Users\isaac\Projects\aws-sdk-cpp\aws-cpp-sdk-es\source\model\RejectInboundCrossClusterSearchConnectionResult.cpp">
      <Filter>Source Files\model</Filter>
    </ClInclude>
    <ClInclude Include="C:\Users\isaac\Projects\aws-sdk-cpp\aws-cpp-sdk-es\source\model\RemoveTagsRequest.cpp">
      <Filter>Source Files\model</Filter>
    </ClInclude>
    <ClInclude Include="C:\Users\isaac\Projects\aws-sdk-cpp\aws-cpp-sdk-es\source\model\ReservedElasticsearchInstance.cpp">
      <Filter>Source Files\model</Filter>
    </ClInclude>
    <ClInclude Include="C:\Users\isaac\Projects\aws-sdk-cpp\aws-cpp-sdk-es\source\model\ReservedElasticsearchInstanceOffering.cpp">
      <Filter>Source Files\model</Filter>
    </ClInclude>
    <ClInclude Include="C:\Users\isaac\Projects\aws-sdk-cpp\aws-cpp-sdk-es\source\model\ReservedElasticsearchInstancePaymentOption.cpp">
      <Filter>Source Files\model</Filter>
    </ClInclude>
    <ClInclude Include="C:\Users\isaac\Projects\aws-sdk-cpp\aws-cpp-sdk-es\source\model\ServiceSoftwareOptions.cpp">
      <Filter>Source Files\model</Filter>
    </ClInclude>
    <ClInclude Include="C:\Users\isaac\Projects\aws-sdk-cpp\aws-cpp-sdk-es\source\model\SnapshotOptions.cpp">
      <Filter>Source Files\model</Filter>
    </ClInclude>
    <ClInclude Include="C:\Users\isaac\Projects\aws-sdk-cpp\aws-cpp-sdk-es\source\model\SnapshotOptionsStatus.cpp">
      <Filter>Source Files\model</Filter>
    </ClInclude>
    <ClInclude Include="C:\Users\isaac\Projects\aws-sdk-cpp\aws-cpp-sdk-es\source\model\StartElasticsearchServiceSoftwareUpdateRequest.cpp">
      <Filter>Source Files\model</Filter>
    </ClInclude>
    <ClInclude Include="C:\Users\isaac\Projects\aws-sdk-cpp\aws-cpp-sdk-es\source\model\StartElasticsearchServiceSoftwareUpdateResult.cpp">
      <Filter>Source Files\model</Filter>
    </ClInclude>
    <ClInclude Include="C:\Users\isaac\Projects\aws-sdk-cpp\aws-cpp-sdk-es\source\model\StorageType.cpp">
      <Filter>Source Files\model</Filter>
    </ClInclude>
    <ClInclude Include="C:\Users\isaac\Projects\aws-sdk-cpp\aws-cpp-sdk-es\source\model\StorageTypeLimit.cpp">
      <Filter>Source Files\model</Filter>
    </ClInclude>
    <ClInclude Include="C:\Users\isaac\Projects\aws-sdk-cpp\aws-cpp-sdk-es\source\model\TLSSecurityPolicy.cpp">
      <Filter>Source Files\model</Filter>
    </ClInclude>
    <ClInclude Include="C:\Users\isaac\Projects\aws-sdk-cpp\aws-cpp-sdk-es\source\model\Tag.cpp">
      <Filter>Source Files\model</Filter>
    </ClInclude>
    <ClInclude Include="C:\Users\isaac\Projects\aws-sdk-cpp\aws-cpp-sdk-es\source\model\UpdateElasticsearchDomainConfigRequest.cpp">
      <Filter>Source Files\model</Filter>
    </ClInclude>
    <ClInclude Include="C:\Users\isaac\Projects\aws-sdk-cpp\aws-cpp-sdk-es\source\model\UpdateElasticsearchDomainConfigResult.cpp">
      <Filter>Source Files\model</Filter>
    </ClInclude>
    <ClInclude Include="C:\Users\isaac\Projects\aws-sdk-cpp\aws-cpp-sdk-es\source\model\UpgradeElasticsearchDomainRequest.cpp">
      <Filter>Source Files\model</Filter>
    </ClInclude>
    <ClInclude Include="C:\Users\isaac\Projects\aws-sdk-cpp\aws-cpp-sdk-es\source\model\UpgradeElasticsearchDomainResult.cpp">
      <Filter>Source Files\model</Filter>
    </ClInclude>
    <ClInclude Include="C:\Users\isaac\Projects\aws-sdk-cpp\aws-cpp-sdk-es\source\model\UpgradeHistory.cpp">
      <Filter>Source Files\model</Filter>
    </ClInclude>
    <ClInclude Include="C:\Users\isaac\Projects\aws-sdk-cpp\aws-cpp-sdk-es\source\model\UpgradeStatus.cpp">
      <Filter>Source Files\model</Filter>
    </ClInclude>
    <ClInclude Include="C:\Users\isaac\Projects\aws-sdk-cpp\aws-cpp-sdk-es\source\model\UpgradeStep.cpp">
      <Filter>Source Files\model</Filter>
    </ClInclude>
    <ClInclude Include="C:\Users\isaac\Projects\aws-sdk-cpp\aws-cpp-sdk-es\source\model\UpgradeStepItem.cpp">
      <Filter>Source Files\model</Filter>
    </ClInclude>
    <ClInclude Include="C:\Users\isaac\Projects\aws-sdk-cpp\aws-cpp-sdk-es\source\model\VPCDerivedInfo.cpp">
      <Filter>Source Files\model</Filter>
    </ClInclude>
    <ClInclude Include="C:\Users\isaac\Projects\aws-sdk-cpp\aws-cpp-sdk-es\source\model\VPCDerivedInfoStatus.cpp">
      <Filter>Source Files\model</Filter>
    </ClInclude>
    <ClInclude Include="C:\Users\isaac\Projects\aws-sdk-cpp\aws-cpp-sdk-es\source\model\VPCOptions.cpp">
      <Filter>Source Files\model</Filter>
    </ClInclude>
    <ClInclude Include="C:\Users\isaac\Projects\aws-sdk-cpp\aws-cpp-sdk-es\source\model\VolumeType.cpp">
      <Filter>Source Files\model</Filter>
    </ClInclude>
    <ClInclude Include="C:\Users\isaac\Projects\aws-sdk-cpp\aws-cpp-sdk-es\source\model\ZoneAwarenessConfig.cpp">
      <Filter>Source Files\model</Filter>
    </ClInclude>
  </ItemGroup>
  <ItemGroup>
    <CustomBuild Include="C:\Users\isaac\Projects\aws-sdk-cpp\aws-cpp-sdk-es\CMakeLists.txt" />
  </ItemGroup>
  <ItemGroup>
    <Filter Include="Header Files">
      <UniqueIdentifier>{1120F839-7E5B-3430-909B-F45ED1F34C4F}</UniqueIdentifier>
    </Filter>
    <Filter Include="Header Files\aws">
      <UniqueIdentifier>{003F55DC-ED11-3C60-843D-9249C7CF85F6}</UniqueIdentifier>
    </Filter>
    <Filter Include="Header Files\aws\es">
      <UniqueIdentifier>{24265B00-2FC8-3EC9-B7E2-2C9336DD4587}</UniqueIdentifier>
    </Filter>
    <Filter Include="Header Files\aws\es\model">
      <UniqueIdentifier>{F05C1C91-DAE6-3141-B677-A7DC84915EBE}</UniqueIdentifier>
    </Filter>
    <Filter Include="Source Files">
      <UniqueIdentifier>{6F41ED37-8DD8-30E6-91B5-58B4486F0EE4}</UniqueIdentifier>
    </Filter>
    <Filter Include="Source Files\model">
      <UniqueIdentifier>{6F53B180-3C9E-31A4-BEC3-93FD46D6D297}</UniqueIdentifier>
    </Filter>
  </ItemGroup>
</Project>
