<?xml version="1.0" encoding="utf-8"?>
<Project ToolsVersion="16.0" xmlns="http://schemas.microsoft.com/developer/msbuild/2003">
  <ItemGroup>
    <ClCompile Include="C:\Users\isaac\Projects\aws-sdk-cpp\aws-cpp-sdk-managedblockchain\ub_MANAGEDBLOCKCHAIN.cpp">
      <Filter>Source Files</Filter>
    </ClCompile>
  </ItemGroup>
  <ItemGroup>
    <ClInclude Include="C:\Users\isaac\Projects\aws-sdk-cpp\aws-cpp-sdk-managedblockchain\include\aws\managedblockchain\ManagedBlockchainClient.h">
      <Filter>Header Files\aws\managedblockchain</Filter>
    </ClInclude>
    <ClInclude Include="C:\Users\isaac\Projects\aws-sdk-cpp\aws-cpp-sdk-managedblockchain\include\aws\managedblockchain\ManagedBlockchainEndpoint.h">
      <Filter>Header Files\aws\managedblockchain</Filter>
    </ClInclude>
    <ClInclude Include="C:\Users\isaac\Projects\aws-sdk-cpp\aws-cpp-sdk-managedblockchain\include\aws\managedblockchain\ManagedBlockchainErrorMarshaller.h">
      <Filter>Header Files\aws\managedblockchain</Filter>
    </ClInclude>
    <ClInclude Include="C:\Users\isaac\Projects\aws-sdk-cpp\aws-cpp-sdk-managedblockchain\include\aws\managedblockchain\ManagedBlockchainErrors.h">
      <Filter>Header Files\aws\managedblockchain</Filter>
    </ClInclude>
    <ClInclude Include="C:\Users\isaac\Projects\aws-sdk-cpp\aws-cpp-sdk-managedblockchain\include\aws\managedblockchain\ManagedBlockchainRequest.h">
      <Filter>Header Files\aws\managedblockchain</Filter>
    </ClInclude>
    <ClInclude Include="C:\Users\isaac\Projects\aws-sdk-cpp\aws-cpp-sdk-managedblockchain\include\aws\managedblockchain\ManagedBlockchain_EXPORTS.h">
      <Filter>Header Files\aws\managedblockchain</Filter>
    </ClInclude>
    <ClInclude Include="C:\Users\isaac\Projects\aws-sdk-cpp\aws-cpp-sdk-managedblockchain\include\aws\managedblockchain\model\ApprovalThresholdPolicy.h">
      <Filter>Header Files\aws\managedblockchain\model</Filter>
    </ClInclude>
    <ClInclude Include="C:\Users\isaac\Projects\aws-sdk-cpp\aws-cpp-sdk-managedblockchain\include\aws\managedblockchain\model\CreateMemberRequest.h">
      <Filter>Header Files\aws\managedblockchain\model</Filter>
    </ClInclude>
    <ClInclude Include="C:\Users\isaac\Projects\aws-sdk-cpp\aws-cpp-sdk-managedblockchain\include\aws\managedblockchain\model\CreateMemberResult.h">
      <Filter>Header Files\aws\managedblockchain\model</Filter>
    </ClInclude>
    <ClInclude Include="C:\Users\isaac\Projects\aws-sdk-cpp\aws-cpp-sdk-managedblockchain\include\aws\managedblockchain\model\CreateNetworkRequest.h">
      <Filter>Header Files\aws\managedblockchain\model</Filter>
    </ClInclude>
    <ClInclude Include="C:\Users\isaac\Projects\aws-sdk-cpp\aws-cpp-sdk-managedblockchain\include\aws\managedblockchain\model\CreateNetworkResult.h">
      <Filter>Header Files\aws\managedblockchain\model</Filter>
    </ClInclude>
    <ClInclude Include="C:\Users\isaac\Projects\aws-sdk-cpp\aws-cpp-sdk-managedblockchain\include\aws\managedblockchain\model\CreateNodeRequest.h">
      <Filter>Header Files\aws\managedblockchain\model</Filter>
    </ClInclude>
    <ClInclude Include="C:\Users\isaac\Projects\aws-sdk-cpp\aws-cpp-sdk-managedblockchain\include\aws\managedblockchain\model\CreateNodeResult.h">
      <Filter>Header Files\aws\managedblockchain\model</Filter>
    </ClInclude>
    <ClInclude Include="C:\Users\isaac\Projects\aws-sdk-cpp\aws-cpp-sdk-managedblockchain\include\aws\managedblockchain\model\CreateProposalRequest.h">
      <Filter>Header Files\aws\managedblockchain\model</Filter>
    </ClInclude>
    <ClInclude Include="C:\Users\isaac\Projects\aws-sdk-cpp\aws-cpp-sdk-managedblockchain\include\aws\managedblockchain\model\CreateProposalResult.h">
      <Filter>Header Files\aws\managedblockchain\model</Filter>
    </ClInclude>
    <ClInclude Include="C:\Users\isaac\Projects\aws-sdk-cpp\aws-cpp-sdk-managedblockchain\include\aws\managedblockchain\model\DeleteMemberRequest.h">
      <Filter>Header Files\aws\managedblockchain\model</Filter>
    </ClInclude>
    <ClInclude Include="C:\Users\isaac\Projects\aws-sdk-cpp\aws-cpp-sdk-managedblockchain\include\aws\managedblockchain\model\DeleteMemberResult.h">
      <Filter>Header Files\aws\managedblockchain\model</Filter>
    </ClInclude>
    <ClInclude Include="C:\Users\isaac\Projects\aws-sdk-cpp\aws-cpp-sdk-managedblockchain\include\aws\managedblockchain\model\DeleteNodeRequest.h">
      <Filter>Header Files\aws\managedblockchain\model</Filter>
    </ClInclude>
    <ClInclude Include="C:\Users\isaac\Projects\aws-sdk-cpp\aws-cpp-sdk-managedblockchain\include\aws\managedblockchain\model\DeleteNodeResult.h">
      <Filter>Header Files\aws\managedblockchain\model</Filter>
    </ClInclude>
    <ClInclude Include="C:\Users\isaac\Projects\aws-sdk-cpp\aws-cpp-sdk-managedblockchain\include\aws\managedblockchain\model\Edition.h">
      <Filter>Header Files\aws\managedblockchain\model</Filter>
    </ClInclude>
    <ClInclude Include="C:\Users\isaac\Projects\aws-sdk-cpp\aws-cpp-sdk-managedblockchain\include\aws\managedblockchain\model\Framework.h">
      <Filter>Header Files\aws\managedblockchain\model</Filter>
    </ClInclude>
    <ClInclude Include="C:\Users\isaac\Projects\aws-sdk-cpp\aws-cpp-sdk-managedblockchain\include\aws\managedblockchain\model\GetMemberRequest.h">
      <Filter>Header Files\aws\managedblockchain\model</Filter>
    </ClInclude>
    <ClInclude Include="C:\Users\isaac\Projects\aws-sdk-cpp\aws-cpp-sdk-managedblockchain\include\aws\managedblockchain\model\GetMemberResult.h">
      <Filter>Header Files\aws\managedblockchain\model</Filter>
    </ClInclude>
    <ClInclude Include="C:\Users\isaac\Projects\aws-sdk-cpp\aws-cpp-sdk-managedblockchain\include\aws\managedblockchain\model\GetNetworkRequest.h">
      <Filter>Header Files\aws\managedblockchain\model</Filter>
    </ClInclude>
    <ClInclude Include="C:\Users\isaac\Projects\aws-sdk-cpp\aws-cpp-sdk-managedblockchain\include\aws\managedblockchain\model\GetNetworkResult.h">
      <Filter>Header Files\aws\managedblockchain\model</Filter>
    </ClInclude>
    <ClInclude Include="C:\Users\isaac\Projects\aws-sdk-cpp\aws-cpp-sdk-managedblockchain\include\aws\managedblockchain\model\GetNodeRequest.h">
      <Filter>Header Files\aws\managedblockchain\model</Filter>
    </ClInclude>
    <ClInclude Include="C:\Users\isaac\Projects\aws-sdk-cpp\aws-cpp-sdk-managedblockchain\include\aws\managedblockchain\model\GetNodeResult.h">
      <Filter>Header Files\aws\managedblockchain\model</Filter>
    </ClInclude>
    <ClInclude Include="C:\Users\isaac\Projects\aws-sdk-cpp\aws-cpp-sdk-managedblockchain\include\aws\managedblockchain\model\GetProposalRequest.h">
      <Filter>Header Files\aws\managedblockchain\model</Filter>
    </ClInclude>
    <ClInclude Include="C:\Users\isaac\Projects\aws-sdk-cpp\aws-cpp-sdk-managedblockchain\include\aws\managedblockchain\model\GetProposalResult.h">
      <Filter>Header Files\aws\managedblockchain\model</Filter>
    </ClInclude>
    <ClInclude Include="C:\Users\isaac\Projects\aws-sdk-cpp\aws-cpp-sdk-managedblockchain\include\aws\managedblockchain\model\Invitation.h">
      <Filter>Header Files\aws\managedblockchain\model</Filter>
    </ClInclude>
    <ClInclude Include="C:\Users\isaac\Projects\aws-sdk-cpp\aws-cpp-sdk-managedblockchain\include\aws\managedblockchain\model\InvitationStatus.h">
      <Filter>Header Files\aws\managedblockchain\model</Filter>
    </ClInclude>
    <ClInclude Include="C:\Users\isaac\Projects\aws-sdk-cpp\aws-cpp-sdk-managedblockchain\include\aws\managedblockchain\model\InviteAction.h">
      <Filter>Header Files\aws\managedblockchain\model</Filter>
    </ClInclude>
    <ClInclude Include="C:\Users\isaac\Projects\aws-sdk-cpp\aws-cpp-sdk-managedblockchain\include\aws\managedblockchain\model\ListInvitationsRequest.h">
      <Filter>Header Files\aws\managedblockchain\model</Filter>
    </ClInclude>
    <ClInclude Include="C:\Users\isaac\Projects\aws-sdk-cpp\aws-cpp-sdk-managedblockchain\include\aws\managedblockchain\model\ListInvitationsResult.h">
      <Filter>Header Files\aws\managedblockchain\model</Filter>
    </ClInclude>
    <ClInclude Include="C:\Users\isaac\Projects\aws-sdk-cpp\aws-cpp-sdk-managedblockchain\include\aws\managedblockchain\model\ListMembersRequest.h">
      <Filter>Header Files\aws\managedblockchain\model</Filter>
    </ClInclude>
    <ClInclude Include="C:\Users\isaac\Projects\aws-sdk-cpp\aws-cpp-sdk-managedblockchain\include\aws\managedblockchain\model\ListMembersResult.h">
      <Filter>Header Files\aws\managedblockchain\model</Filter>
    </ClInclude>
    <ClInclude Include="C:\Users\isaac\Projects\aws-sdk-cpp\aws-cpp-sdk-managedblockchain\include\aws\managedblockchain\model\ListNetworksRequest.h">
      <Filter>Header Files\aws\managedblockchain\model</Filter>
    </ClInclude>
    <ClInclude Include="C:\Users\isaac\Projects\aws-sdk-cpp\aws-cpp-sdk-managedblockchain\include\aws\managedblockchain\model\ListNetworksResult.h">
      <Filter>Header Files\aws\managedblockchain\model</Filter>
    </ClInclude>
    <ClInclude Include="C:\Users\isaac\Projects\aws-sdk-cpp\aws-cpp-sdk-managedblockchain\include\aws\managedblockchain\model\ListNodesRequest.h">
      <Filter>Header Files\aws\managedblockchain\model</Filter>
    </ClInclude>
    <ClInclude Include="C:\Users\isaac\Projects\aws-sdk-cpp\aws-cpp-sdk-managedblockchain\include\aws\managedblockchain\model\ListNodesResult.h">
      <Filter>Header Files\aws\managedblockchain\model</Filter>
    </ClInclude>
    <ClInclude Include="C:\Users\isaac\Projects\aws-sdk-cpp\aws-cpp-sdk-managedblockchain\include\aws\managedblockchain\model\ListProposalVotesRequest.h">
      <Filter>Header Files\aws\managedblockchain\model</Filter>
    </ClInclude>
    <ClInclude Include="C:\Users\isaac\Projects\aws-sdk-cpp\aws-cpp-sdk-managedblockchain\include\aws\managedblockchain\model\ListProposalVotesResult.h">
      <Filter>Header Files\aws\managedblockchain\model</Filter>
    </ClInclude>
    <ClInclude Include="C:\Users\isaac\Projects\aws-sdk-cpp\aws-cpp-sdk-managedblockchain\include\aws\managedblockchain\model\ListProposalsRequest.h">
      <Filter>Header Files\aws\managedblockchain\model</Filter>
    </ClInclude>
    <ClInclude Include="C:\Users\isaac\Projects\aws-sdk-cpp\aws-cpp-sdk-managedblockchain\include\aws\managedblockchain\model\ListProposalsResult.h">
      <Filter>Header Files\aws\managedblockchain\model</Filter>
    </ClInclude>
    <ClInclude Include="C:\Users\isaac\Projects\aws-sdk-cpp\aws-cpp-sdk-managedblockchain\include\aws\managedblockchain\model\LogConfiguration.h">
      <Filter>Header Files\aws\managedblockchain\model</Filter>
    </ClInclude>
    <ClInclude Include="C:\Users\isaac\Projects\aws-sdk-cpp\aws-cpp-sdk-managedblockchain\include\aws\managedblockchain\model\LogConfigurations.h">
      <Filter>Header Files\aws\managedblockchain\model</Filter>
    </ClInclude>
    <ClInclude Include="C:\Users\isaac\Projects\aws-sdk-cpp\aws-cpp-sdk-managedblockchain\include\aws\managedblockchain\model\Member.h">
      <Filter>Header Files\aws\managedblockchain\model</Filter>
    </ClInclude>
    <ClInclude Include="C:\Users\isaac\Projects\aws-sdk-cpp\aws-cpp-sdk-managedblockchain\include\aws\managedblockchain\model\MemberConfiguration.h">
      <Filter>Header Files\aws\managedblockchain\model</Filter>
    </ClInclude>
    <ClInclude Include="C:\Users\isaac\Projects\aws-sdk-cpp\aws-cpp-sdk-managedblockchain\include\aws\managedblockchain\model\MemberFabricAttributes.h">
      <Filter>Header Files\aws\managedblockchain\model</Filter>
    </ClInclude>
    <ClInclude Include="C:\Users\isaac\Projects\aws-sdk-cpp\aws-cpp-sdk-managedblockchain\include\aws\managedblockchain\model\MemberFabricConfiguration.h">
      <Filter>Header Files\aws\managedblockchain\model</Filter>
    </ClInclude>
    <ClInclude Include="C:\Users\isaac\Projects\aws-sdk-cpp\aws-cpp-sdk-managedblockchain\include\aws\managedblockchain\model\MemberFabricLogPublishingConfiguration.h">
      <Filter>Header Files\aws\managedblockchain\model</Filter>
    </ClInclude>
    <ClInclude Include="C:\Users\isaac\Projects\aws-sdk-cpp\aws-cpp-sdk-managedblockchain\include\aws\managedblockchain\model\MemberFrameworkAttributes.h">
      <Filter>Header Files\aws\managedblockchain\model</Filter>
    </ClInclude>
    <ClInclude Include="C:\Users\isaac\Projects\aws-sdk-cpp\aws-cpp-sdk-managedblockchain\include\aws\managedblockchain\model\MemberFrameworkConfiguration.h">
      <Filter>Header Files\aws\managedblockchain\model</Filter>
    </ClInclude>
    <ClInclude Include="C:\Users\isaac\Projects\aws-sdk-cpp\aws-cpp-sdk-managedblockchain\include\aws\managedblockchain\model\MemberLogPublishingConfiguration.h">
      <Filter>Header Files\aws\managedblockchain\model</Filter>
    </ClInclude>
    <ClInclude Include="C:\Users\isaac\Projects\aws-sdk-cpp\aws-cpp-sdk-managedblockchain\include\aws\managedblockchain\model\MemberStatus.h">
      <Filter>Header Files\aws\managedblockchain\model</Filter>
    </ClInclude>
    <ClInclude Include="C:\Users\isaac\Projects\aws-sdk-cpp\aws-cpp-sdk-managedblockchain\include\aws\managedblockchain\model\MemberSummary.h">
      <Filter>Header Files\aws\managedblockchain\model</Filter>
    </ClInclude>
    <ClInclude Include="C:\Users\isaac\Projects\aws-sdk-cpp\aws-cpp-sdk-managedblockchain\include\aws\managedblockchain\model\Network.h">
      <Filter>Header Files\aws\managedblockchain\model</Filter>
    </ClInclude>
    <ClInclude Include="C:\Users\isaac\Projects\aws-sdk-cpp\aws-cpp-sdk-managedblockchain\include\aws\managedblockchain\model\NetworkFabricAttributes.h">
      <Filter>Header Files\aws\managedblockchain\model</Filter>
    </ClInclude>
    <ClInclude Include="C:\Users\isaac\Projects\aws-sdk-cpp\aws-cpp-sdk-managedblockchain\include\aws\managedblockchain\model\NetworkFabricConfiguration.h">
      <Filter>Header Files\aws\managedblockchain\model</Filter>
    </ClInclude>
    <ClInclude Include="C:\Users\isaac\Projects\aws-sdk-cpp\aws-cpp-sdk-managedblockchain\include\aws\managedblockchain\model\NetworkFrameworkAttributes.h">
      <Filter>Header Files\aws\managedblockchain\model</Filter>
    </ClInclude>
    <ClInclude Include="C:\Users\isaac\Projects\aws-sdk-cpp\aws-cpp-sdk-managedblockchain\include\aws\managedblockchain\model\NetworkFrameworkConfiguration.h">
      <Filter>Header Files\aws\managedblockchain\model</Filter>
    </ClInclude>
    <ClInclude Include="C:\Users\isaac\Projects\aws-sdk-cpp\aws-cpp-sdk-managedblockchain\include\aws\managedblockchain\model\NetworkStatus.h">
      <Filter>Header Files\aws\managedblockchain\model</Filter>
    </ClInclude>
    <ClInclude Include="C:\Users\isaac\Projects\aws-sdk-cpp\aws-cpp-sdk-managedblockchain\include\aws\managedblockchain\model\NetworkSummary.h">
      <Filter>Header Files\aws\managedblockchain\model</Filter>
    </ClInclude>
    <ClInclude Include="C:\Users\isaac\Projects\aws-sdk-cpp\aws-cpp-sdk-managedblockchain\include\aws\managedblockchain\model\Node.h">
      <Filter>Header Files\aws\managedblockchain\model</Filter>
    </ClInclude>
    <ClInclude Include="C:\Users\isaac\Projects\aws-sdk-cpp\aws-cpp-sdk-managedblockchain\include\aws\managedblockchain\model\NodeConfiguration.h">
      <Filter>Header Files\aws\managedblockchain\model</Filter>
    </ClInclude>
    <ClInclude Include="C:\Users\isaac\Projects\aws-sdk-cpp\aws-cpp-sdk-managedblockchain\include\aws\managedblockchain\model\NodeFabricAttributes.h">
      <Filter>Header Files\aws\managedblockchain\model</Filter>
    </ClInclude>
    <ClInclude Include="C:\Users\isaac\Projects\aws-sdk-cpp\aws-cpp-sdk-managedblockchain\include\aws\managedblockchain\model\NodeFabricLogPublishingConfiguration.h">
      <Filter>Header Files\aws\managedblockchain\model</Filter>
    </ClInclude>
    <ClInclude Include="C:\Users\isaac\Projects\aws-sdk-cpp\aws-cpp-sdk-managedblockchain\include\aws\managedblockchain\model\NodeFrameworkAttributes.h">
      <Filter>Header Files\aws\managedblockchain\model</Filter>
    </ClInclude>
    <ClInclude Include="C:\Users\isaac\Projects\aws-sdk-cpp\aws-cpp-sdk-managedblockchain\include\aws\managedblockchain\model\NodeLogPublishingConfiguration.h">
      <Filter>Header Files\aws\managedblockchain\model</Filter>
    </ClInclude>
    <ClInclude Include="C:\Users\isaac\Projects\aws-sdk-cpp\aws-cpp-sdk-managedblockchain\include\aws\managedblockchain\model\NodeStatus.h">
      <Filter>Header Files\aws\managedblockchain\model</Filter>
    </ClInclude>
    <ClInclude Include="C:\Users\isaac\Projects\aws-sdk-cpp\aws-cpp-sdk-managedblockchain\include\aws\managedblockchain\model\NodeSummary.h">
      <Filter>Header Files\aws\managedblockchain\model</Filter>
    </ClInclude>
    <ClInclude Include="C:\Users\isaac\Projects\aws-sdk-cpp\aws-cpp-sdk-managedblockchain\include\aws\managedblockchain\model\Proposal.h">
      <Filter>Header Files\aws\managedblockchain\model</Filter>
    </ClInclude>
    <ClInclude Include="C:\Users\isaac\Projects\aws-sdk-cpp\aws-cpp-sdk-managedblockchain\include\aws\managedblockchain\model\ProposalActions.h">
      <Filter>Header Files\aws\managedblockchain\model</Filter>
    </ClInclude>
    <ClInclude Include="C:\Users\isaac\Projects\aws-sdk-cpp\aws-cpp-sdk-managedblockchain\include\aws\managedblockchain\model\ProposalStatus.h">
      <Filter>Header Files\aws\managedblockchain\model</Filter>
    </ClInclude>
    <ClInclude Include="C:\Users\isaac\Projects\aws-sdk-cpp\aws-cpp-sdk-managedblockchain\include\aws\managedblockchain\model\ProposalSummary.h">
      <Filter>Header Files\aws\managedblockchain\model</Filter>
    </ClInclude>
    <ClInclude Include="C:\Users\isaac\Projects\aws-sdk-cpp\aws-cpp-sdk-managedblockchain\include\aws\managedblockchain\model\RejectInvitationRequest.h">
      <Filter>Header Files\aws\managedblockchain\model</Filter>
    </ClInclude>
    <ClInclude Include="C:\Users\isaac\Projects\aws-sdk-cpp\aws-cpp-sdk-managedblockchain\include\aws\managedblockchain\model\RejectInvitationResult.h">
      <Filter>Header Files\aws\managedblockchain\model</Filter>
    </ClInclude>
    <ClInclude Include="C:\Users\isaac\Projects\aws-sdk-cpp\aws-cpp-sdk-managedblockchain\include\aws\managedblockchain\model\RemoveAction.h">
      <Filter>Header Files\aws\managedblockchain\model</Filter>
    </ClInclude>
    <ClInclude Include="C:\Users\isaac\Projects\aws-sdk-cpp\aws-cpp-sdk-managedblockchain\include\aws\managedblockchain\model\ThresholdComparator.h">
      <Filter>Header Files\aws\managedblockchain\model</Filter>
    </ClInclude>
    <ClInclude Include="C:\Users\isaac\Projects\aws-sdk-cpp\aws-cpp-sdk-managedblockchain\include\aws\managedblockchain\model\UpdateMemberRequest.h">
      <Filter>Header Files\aws\managedblockchain\model</Filter>
    </ClInclude>
    <ClInclude Include="C:\Users\isaac\Projects\aws-sdk-cpp\aws-cpp-sdk-managedblockchain\include\aws\managedblockchain\model\UpdateMemberResult.h">
      <Filter>Header Files\aws\managedblockchain\model</Filter>
    </ClInclude>
    <ClInclude Include="C:\Users\isaac\Projects\aws-sdk-cpp\aws-cpp-sdk-managedblockchain\include\aws\managedblockchain\model\UpdateNodeRequest.h">
      <Filter>Header Files\aws\managedblockchain\model</Filter>
    </ClInclude>
    <ClInclude Include="C:\Users\isaac\Projects\aws-sdk-cpp\aws-cpp-sdk-managedblockchain\include\aws\managedblockchain\model\UpdateNodeResult.h">
      <Filter>Header Files\aws\managedblockchain\model</Filter>
    </ClInclude>
    <ClInclude Include="C:\Users\isaac\Projects\aws-sdk-cpp\aws-cpp-sdk-managedblockchain\include\aws\managedblockchain\model\VoteOnProposalRequest.h">
      <Filter>Header Files\aws\managedblockchain\model</Filter>
    </ClInclude>
    <ClInclude Include="C:\Users\isaac\Projects\aws-sdk-cpp\aws-cpp-sdk-managedblockchain\include\aws\managedblockchain\model\VoteOnProposalResult.h">
      <Filter>Header Files\aws\managedblockchain\model</Filter>
    </ClInclude>
    <ClInclude Include="C:\Users\isaac\Projects\aws-sdk-cpp\aws-cpp-sdk-managedblockchain\include\aws\managedblockchain\model\VoteSummary.h">
      <Filter>Header Files\aws\managedblockchain\model</Filter>
    </ClInclude>
    <ClInclude Include="C:\Users\isaac\Projects\aws-sdk-cpp\aws-cpp-sdk-managedblockchain\include\aws\managedblockchain\model\VoteValue.h">
      <Filter>Header Files\aws\managedblockchain\model</Filter>
    </ClInclude>
    <ClInclude Include="C:\Users\isaac\Projects\aws-sdk-cpp\aws-cpp-sdk-managedblockchain\include\aws\managedblockchain\model\VotingPolicy.h">
      <Filter>Header Files\aws\managedblockchain\model</Filter>
    </ClInclude>
    <ClInclude Include="C:\Users\isaac\Projects\aws-sdk-cpp\aws-cpp-sdk-managedblockchain\source\ManagedBlockchainClient.cpp">
      <Filter>Source Files</Filter>
    </ClInclude>
    <ClInclude Include="C:\Users\isaac\Projects\aws-sdk-cpp\aws-cpp-sdk-managedblockchain\source\ManagedBlockchainEndpoint.cpp">
      <Filter>Source Files</Filter>
    </ClInclude>
    <ClInclude Include="C:\Users\isaac\Projects\aws-sdk-cpp\aws-cpp-sdk-managedblockchain\source\ManagedBlockchainErrorMarshaller.cpp">
      <Filter>Source Files</Filter>
    </ClInclude>
    <ClInclude Include="C:\Users\isaac\Projects\aws-sdk-cpp\aws-cpp-sdk-managedblockchain\source\ManagedBlockchainErrors.cpp">
      <Filter>Source Files</Filter>
    </ClInclude>
    <ClInclude Include="C:\Users\isaac\Projects\aws-sdk-cpp\aws-cpp-sdk-managedblockchain\source\model\ApprovalThresholdPolicy.cpp">
      <Filter>Source Files\model</Filter>
    </ClInclude>
    <ClInclude Include="C:\Users\isaac\Projects\aws-sdk-cpp\aws-cpp-sdk-managedblockchain\source\model\CreateMemberRequest.cpp">
      <Filter>Source Files\model</Filter>
    </ClInclude>
    <ClInclude Include="C:\Users\isaac\Projects\aws-sdk-cpp\aws-cpp-sdk-managedblockchain\source\model\CreateMemberResult.cpp">
      <Filter>Source Files\model</Filter>
    </ClInclude>
    <ClInclude Include="C:\Users\isaac\Projects\aws-sdk-cpp\aws-cpp-sdk-managedblockchain\source\model\CreateNetworkRequest.cpp">
      <Filter>Source Files\model</Filter>
    </ClInclude>
    <ClInclude Include="C:\Users\isaac\Projects\aws-sdk-cpp\aws-cpp-sdk-managedblockchain\source\model\CreateNetworkResult.cpp">
      <Filter>Source Files\model</Filter>
    </ClInclude>
    <ClInclude Include="C:\Users\isaac\Projects\aws-sdk-cpp\aws-cpp-sdk-managedblockchain\source\model\CreateNodeRequest.cpp">
      <Filter>Source Files\model</Filter>
    </ClInclude>
    <ClInclude Include="C:\Users\isaac\Projects\aws-sdk-cpp\aws-cpp-sdk-managedblockchain\source\model\CreateNodeResult.cpp">
      <Filter>Source Files\model</Filter>
    </ClInclude>
    <ClInclude Include="C:\Users\isaac\Projects\aws-sdk-cpp\aws-cpp-sdk-managedblockchain\source\model\CreateProposalRequest.cpp">
      <Filter>Source Files\model</Filter>
    </ClInclude>
    <ClInclude Include="C:\Users\isaac\Projects\aws-sdk-cpp\aws-cpp-sdk-managedblockchain\source\model\CreateProposalResult.cpp">
      <Filter>Source Files\model</Filter>
    </ClInclude>
    <ClInclude Include="C:\Users\isaac\Projects\aws-sdk-cpp\aws-cpp-sdk-managedblockchain\source\model\DeleteMemberRequest.cpp">
      <Filter>Source Files\model</Filter>
    </ClInclude>
    <ClInclude Include="C:\Users\isaac\Projects\aws-sdk-cpp\aws-cpp-sdk-managedblockchain\source\model\DeleteMemberResult.cpp">
      <Filter>Source Files\model</Filter>
    </ClInclude>
    <ClInclude Include="C:\Users\isaac\Projects\aws-sdk-cpp\aws-cpp-sdk-managedblockchain\source\model\DeleteNodeRequest.cpp">
      <Filter>Source Files\model</Filter>
    </ClInclude>
    <ClInclude Include="C:\Users\isaac\Projects\aws-sdk-cpp\aws-cpp-sdk-managedblockchain\source\model\DeleteNodeResult.cpp">
      <Filter>Source Files\model</Filter>
    </ClInclude>
    <ClInclude Include="C:\Users\isaac\Projects\aws-sdk-cpp\aws-cpp-sdk-managedblockchain\source\model\Edition.cpp">
      <Filter>Source Files\model</Filter>
    </ClInclude>
    <ClInclude Include="C:\Users\isaac\Projects\aws-sdk-cpp\aws-cpp-sdk-managedblockchain\source\model\Framework.cpp">
      <Filter>Source Files\model</Filter>
    </ClInclude>
    <ClInclude Include="C:\Users\isaac\Projects\aws-sdk-cpp\aws-cpp-sdk-managedblockchain\source\model\GetMemberRequest.cpp">
      <Filter>Source Files\model</Filter>
    </ClInclude>
    <ClInclude Include="C:\Users\isaac\Projects\aws-sdk-cpp\aws-cpp-sdk-managedblockchain\source\model\GetMemberResult.cpp">
      <Filter>Source Files\model</Filter>
    </ClInclude>
    <ClInclude Include="C:\Users\isaac\Projects\aws-sdk-cpp\aws-cpp-sdk-managedblockchain\source\model\GetNetworkRequest.cpp">
      <Filter>Source Files\model</Filter>
    </ClInclude>
    <ClInclude Include="C:\Users\isaac\Projects\aws-sdk-cpp\aws-cpp-sdk-managedblockchain\source\model\GetNetworkResult.cpp">
      <Filter>Source Files\model</Filter>
    </ClInclude>
    <ClInclude Include="C:\Users\isaac\Projects\aws-sdk-cpp\aws-cpp-sdk-managedblockchain\source\model\GetNodeRequest.cpp">
      <Filter>Source Files\model</Filter>
    </ClInclude>
    <ClInclude Include="C:\Users\isaac\Projects\aws-sdk-cpp\aws-cpp-sdk-managedblockchain\source\model\GetNodeResult.cpp">
      <Filter>Source Files\model</Filter>
    </ClInclude>
    <ClInclude Include="C:\Users\isaac\Projects\aws-sdk-cpp\aws-cpp-sdk-managedblockchain\source\model\GetProposalRequest.cpp">
      <Filter>Source Files\model</Filter>
    </ClInclude>
    <ClInclude Include="C:\Users\isaac\Projects\aws-sdk-cpp\aws-cpp-sdk-managedblockchain\source\model\GetProposalResult.cpp">
      <Filter>Source Files\model</Filter>
    </ClInclude>
    <ClInclude Include="C:\Users\isaac\Projects\aws-sdk-cpp\aws-cpp-sdk-managedblockchain\source\model\Invitation.cpp">
      <Filter>Source Files\model</Filter>
    </ClInclude>
    <ClInclude Include="C:\Users\isaac\Projects\aws-sdk-cpp\aws-cpp-sdk-managedblockchain\source\model\InvitationStatus.cpp">
      <Filter>Source Files\model</Filter>
    </ClInclude>
    <ClInclude Include="C:\Users\isaac\Projects\aws-sdk-cpp\aws-cpp-sdk-managedblockchain\source\model\InviteAction.cpp">
      <Filter>Source Files\model</Filter>
    </ClInclude>
    <ClInclude Include="C:\Users\isaac\Projects\aws-sdk-cpp\aws-cpp-sdk-managedblockchain\source\model\ListInvitationsRequest.cpp">
      <Filter>Source Files\model</Filter>
    </ClInclude>
    <ClInclude Include="C:\Users\isaac\Projects\aws-sdk-cpp\aws-cpp-sdk-managedblockchain\source\model\ListInvitationsResult.cpp">
      <Filter>Source Files\model</Filter>
    </ClInclude>
    <ClInclude Include="C:\Users\isaac\Projects\aws-sdk-cpp\aws-cpp-sdk-managedblockchain\source\model\ListMembersRequest.cpp">
      <Filter>Source Files\model</Filter>
    </ClInclude>
    <ClInclude Include="C:\Users\isaac\Projects\aws-sdk-cpp\aws-cpp-sdk-managedblockchain\source\model\ListMembersResult.cpp">
      <Filter>Source Files\model</Filter>
    </ClInclude>
    <ClInclude Include="C:\Users\isaac\Projects\aws-sdk-cpp\aws-cpp-sdk-managedblockchain\source\model\ListNetworksRequest.cpp">
      <Filter>Source Files\model</Filter>
    </ClInclude>
    <ClInclude Include="C:\Users\isaac\Projects\aws-sdk-cpp\aws-cpp-sdk-managedblockchain\source\model\ListNetworksResult.cpp">
      <Filter>Source Files\model</Filter>
    </ClInclude>
    <ClInclude Include="C:\Users\isaac\Projects\aws-sdk-cpp\aws-cpp-sdk-managedblockchain\source\model\ListNodesRequest.cpp">
      <Filter>Source Files\model</Filter>
    </ClInclude>
    <ClInclude Include="C:\Users\isaac\Projects\aws-sdk-cpp\aws-cpp-sdk-managedblockchain\source\model\ListNodesResult.cpp">
      <Filter>Source Files\model</Filter>
    </ClInclude>
    <ClInclude Include="C:\Users\isaac\Projects\aws-sdk-cpp\aws-cpp-sdk-managedblockchain\source\model\ListProposalVotesRequest.cpp">
      <Filter>Source Files\model</Filter>
    </ClInclude>
    <ClInclude Include="C:\Users\isaac\Projects\aws-sdk-cpp\aws-cpp-sdk-managedblockchain\source\model\ListProposalVotesResult.cpp">
      <Filter>Source Files\model</Filter>
    </ClInclude>
    <ClInclude Include="C:\Users\isaac\Projects\aws-sdk-cpp\aws-cpp-sdk-managedblockchain\source\model\ListProposalsRequest.cpp">
      <Filter>Source Files\model</Filter>
    </ClInclude>
    <ClInclude Include="C:\Users\isaac\Projects\aws-sdk-cpp\aws-cpp-sdk-managedblockchain\source\model\ListProposalsResult.cpp">
      <Filter>Source Files\model</Filter>
    </ClInclude>
    <ClInclude Include="C:\Users\isaac\Projects\aws-sdk-cpp\aws-cpp-sdk-managedblockchain\source\model\LogConfiguration.cpp">
      <Filter>Source Files\model</Filter>
    </ClInclude>
    <ClInclude Include="C:\Users\isaac\Projects\aws-sdk-cpp\aws-cpp-sdk-managedblockchain\source\model\LogConfigurations.cpp">
      <Filter>Source Files\model</Filter>
    </ClInclude>
    <ClInclude Include="C:\Users\isaac\Projects\aws-sdk-cpp\aws-cpp-sdk-managedblockchain\source\model\Member.cpp">
      <Filter>Source Files\model</Filter>
    </ClInclude>
    <ClInclude Include="C:\Users\isaac\Projects\aws-sdk-cpp\aws-cpp-sdk-managedblockchain\source\model\MemberConfiguration.cpp">
      <Filter>Source Files\model</Filter>
    </ClInclude>
    <ClInclude Include="C:\Users\isaac\Projects\aws-sdk-cpp\aws-cpp-sdk-managedblockchain\source\model\MemberFabricAttributes.cpp">
      <Filter>Source Files\model</Filter>
    </ClInclude>
    <ClInclude Include="C:\Users\isaac\Projects\aws-sdk-cpp\aws-cpp-sdk-managedblockchain\source\model\MemberFabricConfiguration.cpp">
      <Filter>Source Files\model</Filter>
    </ClInclude>
    <ClInclude Include="C:\Users\isaac\Projects\aws-sdk-cpp\aws-cpp-sdk-managedblockchain\source\model\MemberFabricLogPublishingConfiguration.cpp">
      <Filter>Source Files\model</Filter>
    </ClInclude>
    <ClInclude Include="C:\Users\isaac\Projects\aws-sdk-cpp\aws-cpp-sdk-managedblockchain\source\model\MemberFrameworkAttributes.cpp">
      <Filter>Source Files\model</Filter>
    </ClInclude>
    <ClInclude Include="C:\Users\isaac\Projects\aws-sdk-cpp\aws-cpp-sdk-managedblockchain\source\model\MemberFrameworkConfiguration.cpp">
      <Filter>Source Files\model</Filter>
    </ClInclude>
    <ClInclude Include="C:\Users\isaac\Projects\aws-sdk-cpp\aws-cpp-sdk-managedblockchain\source\model\MemberLogPublishingConfiguration.cpp">
      <Filter>Source Files\model</Filter>
    </ClInclude>
    <ClInclude Include="C:\Users\isaac\Projects\aws-sdk-cpp\aws-cpp-sdk-managedblockchain\source\model\MemberStatus.cpp">
      <Filter>Source Files\model</Filter>
    </ClInclude>
    <ClInclude Include="C:\Users\isaac\Projects\aws-sdk-cpp\aws-cpp-sdk-managedblockchain\source\model\MemberSummary.cpp">
      <Filter>Source Files\model</Filter>
    </ClInclude>
    <ClInclude Include="C:\Users\isaac\Projects\aws-sdk-cpp\aws-cpp-sdk-managedblockchain\source\model\Network.cpp">
      <Filter>Source Files\model</Filter>
    </ClInclude>
    <ClInclude Include="C:\Users\isaac\Projects\aws-sdk-cpp\aws-cpp-sdk-managedblockchain\source\model\NetworkFabricAttributes.cpp">
      <Filter>Source Files\model</Filter>
    </ClInclude>
    <ClInclude Include="C:\Users\isaac\Projects\aws-sdk-cpp\aws-cpp-sdk-managedblockchain\source\model\NetworkFabricConfiguration.cpp">
      <Filter>Source Files\model</Filter>
    </ClInclude>
    <ClInclude Include="C:\Users\isaac\Projects\aws-sdk-cpp\aws-cpp-sdk-managedblockchain\source\model\NetworkFrameworkAttributes.cpp">
      <Filter>Source Files\model</Filter>
    </ClInclude>
    <ClInclude Include="C:\Users\isaac\Projects\aws-sdk-cpp\aws-cpp-sdk-managedblockchain\source\model\NetworkFrameworkConfiguration.cpp">
      <Filter>Source Files\model</Filter>
    </ClInclude>
    <ClInclude Include="C:\Users\isaac\Projects\aws-sdk-cpp\aws-cpp-sdk-managedblockchain\source\model\NetworkStatus.cpp">
      <Filter>Source Files\model</Filter>
    </ClInclude>
    <ClInclude Include="C:\Users\isaac\Projects\aws-sdk-cpp\aws-cpp-sdk-managedblockchain\source\model\NetworkSummary.cpp">
      <Filter>Source Files\model</Filter>
    </ClInclude>
    <ClInclude Include="C:\Users\isaac\Projects\aws-sdk-cpp\aws-cpp-sdk-managedblockchain\source\model\Node.cpp">
      <Filter>Source Files\model</Filter>
    </ClInclude>
    <ClInclude Include="C:\Users\isaac\Projects\aws-sdk-cpp\aws-cpp-sdk-managedblockchain\source\model\NodeConfiguration.cpp">
      <Filter>Source Files\model</Filter>
    </ClInclude>
    <ClInclude Include="C:\Users\isaac\Projects\aws-sdk-cpp\aws-cpp-sdk-managedblockchain\source\model\NodeFabricAttributes.cpp">
      <Filter>Source Files\model</Filter>
    </ClInclude>
    <ClInclude Include="C:\Users\isaac\Projects\aws-sdk-cpp\aws-cpp-sdk-managedblockchain\source\model\NodeFabricLogPublishingConfiguration.cpp">
      <Filter>Source Files\model</Filter>
    </ClInclude>
    <ClInclude Include="C:\Users\isaac\Projects\aws-sdk-cpp\aws-cpp-sdk-managedblockchain\source\model\NodeFrameworkAttributes.cpp">
      <Filter>Source Files\model</Filter>
    </ClInclude>
    <ClInclude Include="C:\Users\isaac\Projects\aws-sdk-cpp\aws-cpp-sdk-managedblockchain\source\model\NodeLogPublishingConfiguration.cpp">
      <Filter>Source Files\model</Filter>
    </ClInclude>
    <ClInclude Include="C:\Users\isaac\Projects\aws-sdk-cpp\aws-cpp-sdk-managedblockchain\source\model\NodeStatus.cpp">
      <Filter>Source Files\model</Filter>
    </ClInclude>
    <ClInclude Include="C:\Users\isaac\Projects\aws-sdk-cpp\aws-cpp-sdk-managedblockchain\source\model\NodeSummary.cpp">
      <Filter>Source Files\model</Filter>
    </ClInclude>
    <ClInclude Include="C:\Users\isaac\Projects\aws-sdk-cpp\aws-cpp-sdk-managedblockchain\source\model\Proposal.cpp">
      <Filter>Source Files\model</Filter>
    </ClInclude>
    <ClInclude Include="C:\Users\isaac\Projects\aws-sdk-cpp\aws-cpp-sdk-managedblockchain\source\model\ProposalActions.cpp">
      <Filter>Source Files\model</Filter>
    </ClInclude>
    <ClInclude Include="C:\Users\isaac\Projects\aws-sdk-cpp\aws-cpp-sdk-managedblockchain\source\model\ProposalStatus.cpp">
      <Filter>Source Files\model</Filter>
    </ClInclude>
    <ClInclude Include="C:\Users\isaac\Projects\aws-sdk-cpp\aws-cpp-sdk-managedblockchain\source\model\ProposalSummary.cpp">
      <Filter>Source Files\model</Filter>
    </ClInclude>
    <ClInclude Include="C:\Users\isaac\Projects\aws-sdk-cpp\aws-cpp-sdk-managedblockchain\source\model\RejectInvitationRequest.cpp">
      <Filter>Source Files\model</Filter>
    </ClInclude>
    <ClInclude Include="C:\Users\isaac\Projects\aws-sdk-cpp\aws-cpp-sdk-managedblockchain\source\model\RejectInvitationResult.cpp">
      <Filter>Source Files\model</Filter>
    </ClInclude>
    <ClInclude Include="C:\Users\isaac\Projects\aws-sdk-cpp\aws-cpp-sdk-managedblockchain\source\model\RemoveAction.cpp">
      <Filter>Source Files\model</Filter>
    </ClInclude>
    <ClInclude Include="C:\Users\isaac\Projects\aws-sdk-cpp\aws-cpp-sdk-managedblockchain\source\model\ThresholdComparator.cpp">
      <Filter>Source Files\model</Filter>
    </ClInclude>
    <ClInclude Include="C:\Users\isaac\Projects\aws-sdk-cpp\aws-cpp-sdk-managedblockchain\source\model\UpdateMemberRequest.cpp">
      <Filter>Source Files\model</Filter>
    </ClInclude>
    <ClInclude Include="C:\Users\isaac\Projects\aws-sdk-cpp\aws-cpp-sdk-managedblockchain\source\model\UpdateMemberResult.cpp">
      <Filter>Source Files\model</Filter>
    </ClInclude>
    <ClInclude Include="C:\Users\isaac\Projects\aws-sdk-cpp\aws-cpp-sdk-managedblockchain\source\model\UpdateNodeRequest.cpp">
      <Filter>Source Files\model</Filter>
    </ClInclude>
    <ClInclude Include="C:\Users\isaac\Projects\aws-sdk-cpp\aws-cpp-sdk-managedblockchain\source\model\UpdateNodeResult.cpp">
      <Filter>Source Files\model</Filter>
    </ClInclude>
    <ClInclude Include="C:\Users\isaac\Projects\aws-sdk-cpp\aws-cpp-sdk-managedblockchain\source\model\VoteOnProposalRequest.cpp">
      <Filter>Source Files\model</Filter>
    </ClInclude>
    <ClInclude Include="C:\Users\isaac\Projects\aws-sdk-cpp\aws-cpp-sdk-managedblockchain\source\model\VoteOnProposalResult.cpp">
      <Filter>Source Files\model</Filter>
    </ClInclude>
    <ClInclude Include="C:\Users\isaac\Projects\aws-sdk-cpp\aws-cpp-sdk-managedblockchain\source\model\VoteSummary.cpp">
      <Filter>Source Files\model</Filter>
    </ClInclude>
    <ClInclude Include="C:\Users\isaac\Projects\aws-sdk-cpp\aws-cpp-sdk-managedblockchain\source\model\VoteValue.cpp">
      <Filter>Source Files\model</Filter>
    </ClInclude>
    <ClInclude Include="C:\Users\isaac\Projects\aws-sdk-cpp\aws-cpp-sdk-managedblockchain\source\model\VotingPolicy.cpp">
      <Filter>Source Files\model</Filter>
    </ClInclude>
  </ItemGroup>
  <ItemGroup>
    <CustomBuild Include="C:\Users\isaac\Projects\aws-sdk-cpp\aws-cpp-sdk-managedblockchain\CMakeLists.txt" />
  </ItemGroup>
  <ItemGroup>
    <Filter Include="Header Files">
      <UniqueIdentifier>{1120F839-7E5B-3430-909B-F45ED1F34C4F}</UniqueIdentifier>
    </Filter>
    <Filter Include="Header Files\aws">
      <UniqueIdentifier>{003F55DC-ED11-3C60-843D-9249C7CF85F6}</UniqueIdentifier>
    </Filter>
    <Filter Include="Header Files\aws\managedblockchain">
      <UniqueIdentifier>{06BDBDF8-14A1-3A3A-B0FB-9E52565108CA}</UniqueIdentifier>
    </Filter>
    <Filter Include="Header Files\aws\managedblockchain\model">
      <UniqueIdentifier>{3E85B23F-D319-380D-927D-09F5F3DC77CB}</UniqueIdentifier>
    </Filter>
    <Filter Include="Source Files">
      <UniqueIdentifier>{6F41ED37-8DD8-30E6-91B5-58B4486F0EE4}</UniqueIdentifier>
    </Filter>
    <Filter Include="Source Files\model">
      <UniqueIdentifier>{6F53B180-3C9E-31A4-BEC3-93FD46D6D297}</UniqueIdentifier>
    </Filter>
  </ItemGroup>
</Project>
