<?xml version="1.0" encoding="utf-8"?>
<Project ToolsVersion="16.0" xmlns="http://schemas.microsoft.com/developer/msbuild/2003">
  <ItemGroup>
    <ClCompile Include="C:\Users\isaac\Projects\aws-sdk-cpp\aws-cpp-sdk-codeguru-reviewer\ub_CODEGURU-REVIEWER.cpp">
      <Filter>Source Files</Filter>
    </ClCompile>
  </ItemGroup>
  <ItemGroup>
    <ClInclude Include="C:\Users\isaac\Projects\aws-sdk-cpp\aws-cpp-sdk-codeguru-reviewer\include\aws\codeguru-reviewer\CodeGuruReviewerClient.h">
      <Filter>Header Files\aws\codeguru-reviewer</Filter>
    </ClInclude>
    <ClInclude Include="C:\Users\isaac\Projects\aws-sdk-cpp\aws-cpp-sdk-codeguru-reviewer\include\aws\codeguru-reviewer\CodeGuruReviewerEndpoint.h">
      <Filter>Header Files\aws\codeguru-reviewer</Filter>
    </ClInclude>
    <ClInclude Include="C:\Users\isaac\Projects\aws-sdk-cpp\aws-cpp-sdk-codeguru-reviewer\include\aws\codeguru-reviewer\CodeGuruReviewerErrorMarshaller.h">
      <Filter>Header Files\aws\codeguru-reviewer</Filter>
    </ClInclude>
    <ClInclude Include="C:\Users\isaac\Projects\aws-sdk-cpp\aws-cpp-sdk-codeguru-reviewer\include\aws\codeguru-reviewer\CodeGuruReviewerErrors.h">
      <Filter>Header Files\aws\codeguru-reviewer</Filter>
    </ClInclude>
    <ClInclude Include="C:\Users\isaac\Projects\aws-sdk-cpp\aws-cpp-sdk-codeguru-reviewer\include\aws\codeguru-reviewer\CodeGuruReviewerRequest.h">
      <Filter>Header Files\aws\codeguru-reviewer</Filter>
    </ClInclude>
    <ClInclude Include="C:\Users\isaac\Projects\aws-sdk-cpp\aws-cpp-sdk-codeguru-reviewer\include\aws\codeguru-reviewer\CodeGuruReviewer_EXPORTS.h">
      <Filter>Header Files\aws\codeguru-reviewer</Filter>
    </ClInclude>
    <ClInclude Include="C:\Users\isaac\Projects\aws-sdk-cpp\aws-cpp-sdk-codeguru-reviewer\include\aws\codeguru-reviewer\model\AssociateRepositoryRequest.h">
      <Filter>Header Files\aws\codeguru-reviewer\model</Filter>
    </ClInclude>
    <ClInclude Include="C:\Users\isaac\Projects\aws-sdk-cpp\aws-cpp-sdk-codeguru-reviewer\include\aws\codeguru-reviewer\model\AssociateRepositoryResult.h">
      <Filter>Header Files\aws\codeguru-reviewer\model</Filter>
    </ClInclude>
    <ClInclude Include="C:\Users\isaac\Projects\aws-sdk-cpp\aws-cpp-sdk-codeguru-reviewer\include\aws\codeguru-reviewer\model\CodeCommitRepository.h">
      <Filter>Header Files\aws\codeguru-reviewer\model</Filter>
    </ClInclude>
    <ClInclude Include="C:\Users\isaac\Projects\aws-sdk-cpp\aws-cpp-sdk-codeguru-reviewer\include\aws\codeguru-reviewer\model\CodeReview.h">
      <Filter>Header Files\aws\codeguru-reviewer\model</Filter>
    </ClInclude>
    <ClInclude Include="C:\Users\isaac\Projects\aws-sdk-cpp\aws-cpp-sdk-codeguru-reviewer\include\aws\codeguru-reviewer\model\CodeReviewSummary.h">
      <Filter>Header Files\aws\codeguru-reviewer\model</Filter>
    </ClInclude>
    <ClInclude Include="C:\Users\isaac\Projects\aws-sdk-cpp\aws-cpp-sdk-codeguru-reviewer\include\aws\codeguru-reviewer\model\CommitDiffSourceCodeType.h">
      <Filter>Header Files\aws\codeguru-reviewer\model</Filter>
    </ClInclude>
    <ClInclude Include="C:\Users\isaac\Projects\aws-sdk-cpp\aws-cpp-sdk-codeguru-reviewer\include\aws\codeguru-reviewer\model\DescribeCodeReviewRequest.h">
      <Filter>Header Files\aws\codeguru-reviewer\model</Filter>
    </ClInclude>
    <ClInclude Include="C:\Users\isaac\Projects\aws-sdk-cpp\aws-cpp-sdk-codeguru-reviewer\include\aws\codeguru-reviewer\model\DescribeCodeReviewResult.h">
      <Filter>Header Files\aws\codeguru-reviewer\model</Filter>
    </ClInclude>
    <ClInclude Include="C:\Users\isaac\Projects\aws-sdk-cpp\aws-cpp-sdk-codeguru-reviewer\include\aws\codeguru-reviewer\model\DescribeRecommendationFeedbackRequest.h">
      <Filter>Header Files\aws\codeguru-reviewer\model</Filter>
    </ClInclude>
    <ClInclude Include="C:\Users\isaac\Projects\aws-sdk-cpp\aws-cpp-sdk-codeguru-reviewer\include\aws\codeguru-reviewer\model\DescribeRecommendationFeedbackResult.h">
      <Filter>Header Files\aws\codeguru-reviewer\model</Filter>
    </ClInclude>
    <ClInclude Include="C:\Users\isaac\Projects\aws-sdk-cpp\aws-cpp-sdk-codeguru-reviewer\include\aws\codeguru-reviewer\model\DescribeRepositoryAssociationRequest.h">
      <Filter>Header Files\aws\codeguru-reviewer\model</Filter>
    </ClInclude>
    <ClInclude Include="C:\Users\isaac\Projects\aws-sdk-cpp\aws-cpp-sdk-codeguru-reviewer\include\aws\codeguru-reviewer\model\DescribeRepositoryAssociationResult.h">
      <Filter>Header Files\aws\codeguru-reviewer\model</Filter>
    </ClInclude>
    <ClInclude Include="C:\Users\isaac\Projects\aws-sdk-cpp\aws-cpp-sdk-codeguru-reviewer\include\aws\codeguru-reviewer\model\DisassociateRepositoryRequest.h">
      <Filter>Header Files\aws\codeguru-reviewer\model</Filter>
    </ClInclude>
    <ClInclude Include="C:\Users\isaac\Projects\aws-sdk-cpp\aws-cpp-sdk-codeguru-reviewer\include\aws\codeguru-reviewer\model\DisassociateRepositoryResult.h">
      <Filter>Header Files\aws\codeguru-reviewer\model</Filter>
    </ClInclude>
    <ClInclude Include="C:\Users\isaac\Projects\aws-sdk-cpp\aws-cpp-sdk-codeguru-reviewer\include\aws\codeguru-reviewer\model\JobState.h">
      <Filter>Header Files\aws\codeguru-reviewer\model</Filter>
    </ClInclude>
    <ClInclude Include="C:\Users\isaac\Projects\aws-sdk-cpp\aws-cpp-sdk-codeguru-reviewer\include\aws\codeguru-reviewer\model\ListCodeReviewsRequest.h">
      <Filter>Header Files\aws\codeguru-reviewer\model</Filter>
    </ClInclude>
    <ClInclude Include="C:\Users\isaac\Projects\aws-sdk-cpp\aws-cpp-sdk-codeguru-reviewer\include\aws\codeguru-reviewer\model\ListCodeReviewsResult.h">
      <Filter>Header Files\aws\codeguru-reviewer\model</Filter>
    </ClInclude>
    <ClInclude Include="C:\Users\isaac\Projects\aws-sdk-cpp\aws-cpp-sdk-codeguru-reviewer\include\aws\codeguru-reviewer\model\ListRecommendationFeedbackRequest.h">
      <Filter>Header Files\aws\codeguru-reviewer\model</Filter>
    </ClInclude>
    <ClInclude Include="C:\Users\isaac\Projects\aws-sdk-cpp\aws-cpp-sdk-codeguru-reviewer\include\aws\codeguru-reviewer\model\ListRecommendationFeedbackResult.h">
      <Filter>Header Files\aws\codeguru-reviewer\model</Filter>
    </ClInclude>
    <ClInclude Include="C:\Users\isaac\Projects\aws-sdk-cpp\aws-cpp-sdk-codeguru-reviewer\include\aws\codeguru-reviewer\model\ListRecommendationsRequest.h">
      <Filter>Header Files\aws\codeguru-reviewer\model</Filter>
    </ClInclude>
    <ClInclude Include="C:\Users\isaac\Projects\aws-sdk-cpp\aws-cpp-sdk-codeguru-reviewer\include\aws\codeguru-reviewer\model\ListRecommendationsResult.h">
      <Filter>Header Files\aws\codeguru-reviewer\model</Filter>
    </ClInclude>
    <ClInclude Include="C:\Users\isaac\Projects\aws-sdk-cpp\aws-cpp-sdk-codeguru-reviewer\include\aws\codeguru-reviewer\model\ListRepositoryAssociationsRequest.h">
      <Filter>Header Files\aws\codeguru-reviewer\model</Filter>
    </ClInclude>
    <ClInclude Include="C:\Users\isaac\Projects\aws-sdk-cpp\aws-cpp-sdk-codeguru-reviewer\include\aws\codeguru-reviewer\model\ListRepositoryAssociationsResult.h">
      <Filter>Header Files\aws\codeguru-reviewer\model</Filter>
    </ClInclude>
    <ClInclude Include="C:\Users\isaac\Projects\aws-sdk-cpp\aws-cpp-sdk-codeguru-reviewer\include\aws\codeguru-reviewer\model\Metrics.h">
      <Filter>Header Files\aws\codeguru-reviewer\model</Filter>
    </ClInclude>
    <ClInclude Include="C:\Users\isaac\Projects\aws-sdk-cpp\aws-cpp-sdk-codeguru-reviewer\include\aws\codeguru-reviewer\model\MetricsSummary.h">
      <Filter>Header Files\aws\codeguru-reviewer\model</Filter>
    </ClInclude>
    <ClInclude Include="C:\Users\isaac\Projects\aws-sdk-cpp\aws-cpp-sdk-codeguru-reviewer\include\aws\codeguru-reviewer\model\ProviderType.h">
      <Filter>Header Files\aws\codeguru-reviewer\model</Filter>
    </ClInclude>
    <ClInclude Include="C:\Users\isaac\Projects\aws-sdk-cpp\aws-cpp-sdk-codeguru-reviewer\include\aws\codeguru-reviewer\model\PutRecommendationFeedbackRequest.h">
      <Filter>Header Files\aws\codeguru-reviewer\model</Filter>
    </ClInclude>
    <ClInclude Include="C:\Users\isaac\Projects\aws-sdk-cpp\aws-cpp-sdk-codeguru-reviewer\include\aws\codeguru-reviewer\model\PutRecommendationFeedbackResult.h">
      <Filter>Header Files\aws\codeguru-reviewer\model</Filter>
    </ClInclude>
    <ClInclude Include="C:\Users\isaac\Projects\aws-sdk-cpp\aws-cpp-sdk-codeguru-reviewer\include\aws\codeguru-reviewer\model\Reaction.h">
      <Filter>Header Files\aws\codeguru-reviewer\model</Filter>
    </ClInclude>
    <ClInclude Include="C:\Users\isaac\Projects\aws-sdk-cpp\aws-cpp-sdk-codeguru-reviewer\include\aws\codeguru-reviewer\model\RecommendationFeedback.h">
      <Filter>Header Files\aws\codeguru-reviewer\model</Filter>
    </ClInclude>
    <ClInclude Include="C:\Users\isaac\Projects\aws-sdk-cpp\aws-cpp-sdk-codeguru-reviewer\include\aws\codeguru-reviewer\model\RecommendationFeedbackSummary.h">
      <Filter>Header Files\aws\codeguru-reviewer\model</Filter>
    </ClInclude>
    <ClInclude Include="C:\Users\isaac\Projects\aws-sdk-cpp\aws-cpp-sdk-codeguru-reviewer\include\aws\codeguru-reviewer\model\RecommendationSummary.h">
      <Filter>Header Files\aws\codeguru-reviewer\model</Filter>
    </ClInclude>
    <ClInclude Include="C:\Users\isaac\Projects\aws-sdk-cpp\aws-cpp-sdk-codeguru-reviewer\include\aws\codeguru-reviewer\model\Repository.h">
      <Filter>Header Files\aws\codeguru-reviewer\model</Filter>
    </ClInclude>
    <ClInclude Include="C:\Users\isaac\Projects\aws-sdk-cpp\aws-cpp-sdk-codeguru-reviewer\include\aws\codeguru-reviewer\model\RepositoryAssociation.h">
      <Filter>Header Files\aws\codeguru-reviewer\model</Filter>
    </ClInclude>
    <ClInclude Include="C:\Users\isaac\Projects\aws-sdk-cpp\aws-cpp-sdk-codeguru-reviewer\include\aws\codeguru-reviewer\model\RepositoryAssociationState.h">
      <Filter>Header Files\aws\codeguru-reviewer\model</Filter>
    </ClInclude>
    <ClInclude Include="C:\Users\isaac\Projects\aws-sdk-cpp\aws-cpp-sdk-codeguru-reviewer\include\aws\codeguru-reviewer\model\RepositoryAssociationSummary.h">
      <Filter>Header Files\aws\codeguru-reviewer\model</Filter>
    </ClInclude>
    <ClInclude Include="C:\Users\isaac\Projects\aws-sdk-cpp\aws-cpp-sdk-codeguru-reviewer\include\aws\codeguru-reviewer\model\SourceCodeType.h">
      <Filter>Header Files\aws\codeguru-reviewer\model</Filter>
    </ClInclude>
    <ClInclude Include="C:\Users\isaac\Projects\aws-sdk-cpp\aws-cpp-sdk-codeguru-reviewer\include\aws\codeguru-reviewer\model\ThirdPartySourceRepository.h">
      <Filter>Header Files\aws\codeguru-reviewer\model</Filter>
    </ClInclude>
    <ClInclude Include="C:\Users\isaac\Projects\aws-sdk-cpp\aws-cpp-sdk-codeguru-reviewer\include\aws\codeguru-reviewer\model\Type.h">
      <Filter>Header Files\aws\codeguru-reviewer\model</Filter>
    </ClInclude>
    <ClInclude Include="C:\Users\isaac\Projects\aws-sdk-cpp\aws-cpp-sdk-codeguru-reviewer\source\CodeGuruReviewerClient.cpp">
      <Filter>Source Files</Filter>
    </ClInclude>
    <ClInclude Include="C:\Users\isaac\Projects\aws-sdk-cpp\aws-cpp-sdk-codeguru-reviewer\source\CodeGuruReviewerEndpoint.cpp">
      <Filter>Source Files</Filter>
    </ClInclude>
    <ClInclude Include="C:\Users\isaac\Projects\aws-sdk-cpp\aws-cpp-sdk-codeguru-reviewer\source\CodeGuruReviewerErrorMarshaller.cpp">
      <Filter>Source Files</Filter>
    </ClInclude>
    <ClInclude Include="C:\Users\isaac\Projects\aws-sdk-cpp\aws-cpp-sdk-codeguru-reviewer\source\CodeGuruReviewerErrors.cpp">
      <Filter>Source Files</Filter>
    </ClInclude>
    <ClInclude Include="C:\Users\isaac\Projects\aws-sdk-cpp\aws-cpp-sdk-codeguru-reviewer\source\model\AssociateRepositoryRequest.cpp">
      <Filter>Source Files\model</Filter>
    </ClInclude>
    <ClInclude Include="C:\Users\isaac\Projects\aws-sdk-cpp\aws-cpp-sdk-codeguru-reviewer\source\model\AssociateRepositoryResult.cpp">
      <Filter>Source Files\model</Filter>
    </ClInclude>
    <ClInclude Include="C:\Users\isaac\Projects\aws-sdk-cpp\aws-cpp-sdk-codeguru-reviewer\source\model\CodeCommitRepository.cpp">
      <Filter>Source Files\model</Filter>
    </ClInclude>
    <ClInclude Include="C:\Users\isaac\Projects\aws-sdk-cpp\aws-cpp-sdk-codeguru-reviewer\source\model\CodeReview.cpp">
      <Filter>Source Files\model</Filter>
    </ClInclude>
    <ClInclude Include="C:\Users\isaac\Projects\aws-sdk-cpp\aws-cpp-sdk-codeguru-reviewer\source\model\CodeReviewSummary.cpp">
      <Filter>Source Files\model</Filter>
    </ClInclude>
    <ClInclude Include="C:\Users\isaac\Projects\aws-sdk-cpp\aws-cpp-sdk-codeguru-reviewer\source\model\CommitDiffSourceCodeType.cpp">
      <Filter>Source Files\model</Filter>
    </ClInclude>
    <ClInclude Include="C:\Users\isaac\Projects\aws-sdk-cpp\aws-cpp-sdk-codeguru-reviewer\source\model\DescribeCodeReviewRequest.cpp">
      <Filter>Source Files\model</Filter>
    </ClInclude>
    <ClInclude Include="C:\Users\isaac\Projects\aws-sdk-cpp\aws-cpp-sdk-codeguru-reviewer\source\model\DescribeCodeReviewResult.cpp">
      <Filter>Source Files\model</Filter>
    </ClInclude>
    <ClInclude Include="C:\Users\isaac\Projects\aws-sdk-cpp\aws-cpp-sdk-codeguru-reviewer\source\model\DescribeRecommendationFeedbackRequest.cpp">
      <Filter>Source Files\model</Filter>
    </ClInclude>
    <ClInclude Include="C:\Users\isaac\Projects\aws-sdk-cpp\aws-cpp-sdk-codeguru-reviewer\source\model\DescribeRecommendationFeedbackResult.cpp">
      <Filter>Source Files\model</Filter>
    </ClInclude>
    <ClInclude Include="C:\Users\isaac\Projects\aws-sdk-cpp\aws-cpp-sdk-codeguru-reviewer\source\model\DescribeRepositoryAssociationRequest.cpp">
      <Filter>Source Files\model</Filter>
    </ClInclude>
    <ClInclude Include="C:\Users\isaac\Projects\aws-sdk-cpp\aws-cpp-sdk-codeguru-reviewer\source\model\DescribeRepositoryAssociationResult.cpp">
      <Filter>Source Files\model</Filter>
    </ClInclude>
    <ClInclude Include="C:\Users\isaac\Projects\aws-sdk-cpp\aws-cpp-sdk-codeguru-reviewer\source\model\DisassociateRepositoryRequest.cpp">
      <Filter>Source Files\model</Filter>
    </ClInclude>
    <ClInclude Include="C:\Users\isaac\Projects\aws-sdk-cpp\aws-cpp-sdk-codeguru-reviewer\source\model\DisassociateRepositoryResult.cpp">
      <Filter>Source Files\model</Filter>
    </ClInclude>
    <ClInclude Include="C:\Users\isaac\Projects\aws-sdk-cpp\aws-cpp-sdk-codeguru-reviewer\source\model\JobState.cpp">
      <Filter>Source Files\model</Filter>
    </ClInclude>
    <ClInclude Include="C:\Users\isaac\Projects\aws-sdk-cpp\aws-cpp-sdk-codeguru-reviewer\source\model\ListCodeReviewsRequest.cpp">
      <Filter>Source Files\model</Filter>
    </ClInclude>
    <ClInclude Include="C:\Users\isaac\Projects\aws-sdk-cpp\aws-cpp-sdk-codeguru-reviewer\source\model\ListCodeReviewsResult.cpp">
      <Filter>Source Files\model</Filter>
    </ClInclude>
    <ClInclude Include="C:\Users\isaac\Projects\aws-sdk-cpp\aws-cpp-sdk-codeguru-reviewer\source\model\ListRecommendationFeedbackRequest.cpp">
      <Filter>Source Files\model</Filter>
    </ClInclude>
    <ClInclude Include="C:\Users\isaac\Projects\aws-sdk-cpp\aws-cpp-sdk-codeguru-reviewer\source\model\ListRecommendationFeedbackResult.cpp">
      <Filter>Source Files\model</Filter>
    </ClInclude>
    <ClInclude Include="C:\Users\isaac\Projects\aws-sdk-cpp\aws-cpp-sdk-codeguru-reviewer\source\model\ListRecommendationsRequest.cpp">
      <Filter>Source Files\model</Filter>
    </ClInclude>
    <ClInclude Include="C:\Users\isaac\Projects\aws-sdk-cpp\aws-cpp-sdk-codeguru-reviewer\source\model\ListRecommendationsResult.cpp">
      <Filter>Source Files\model</Filter>
    </ClInclude>
    <ClInclude Include="C:\Users\isaac\Projects\aws-sdk-cpp\aws-cpp-sdk-codeguru-reviewer\source\model\ListRepositoryAssociationsRequest.cpp">
      <Filter>Source Files\model</Filter>
    </ClInclude>
    <ClInclude Include="C:\Users\isaac\Projects\aws-sdk-cpp\aws-cpp-sdk-codeguru-reviewer\source\model\ListRepositoryAssociationsResult.cpp">
      <Filter>Source Files\model</Filter>
    </ClInclude>
    <ClInclude Include="C:\Users\isaac\Projects\aws-sdk-cpp\aws-cpp-sdk-codeguru-reviewer\source\model\Metrics.cpp">
      <Filter>Source Files\model</Filter>
    </ClInclude>
    <ClInclude Include="C:\Users\isaac\Projects\aws-sdk-cpp\aws-cpp-sdk-codeguru-reviewer\source\model\MetricsSummary.cpp">
      <Filter>Source Files\model</Filter>
    </ClInclude>
    <ClInclude Include="C:\Users\isaac\Projects\aws-sdk-cpp\aws-cpp-sdk-codeguru-reviewer\source\model\ProviderType.cpp">
      <Filter>Source Files\model</Filter>
    </ClInclude>
    <ClInclude Include="C:\Users\isaac\Projects\aws-sdk-cpp\aws-cpp-sdk-codeguru-reviewer\source\model\PutRecommendationFeedbackRequest.cpp">
      <Filter>Source Files\model</Filter>
    </ClInclude>
    <ClInclude Include="C:\Users\isaac\Projects\aws-sdk-cpp\aws-cpp-sdk-codeguru-reviewer\source\model\PutRecommendationFeedbackResult.cpp">
      <Filter>Source Files\model</Filter>
    </ClInclude>
    <ClInclude Include="C:\Users\isaac\Projects\aws-sdk-cpp\aws-cpp-sdk-codeguru-reviewer\source\model\Reaction.cpp">
      <Filter>Source Files\model</Filter>
    </ClInclude>
    <ClInclude Include="C:\Users\isaac\Projects\aws-sdk-cpp\aws-cpp-sdk-codeguru-reviewer\source\model\RecommendationFeedback.cpp">
      <Filter>Source Files\model</Filter>
    </ClInclude>
    <ClInclude Include="C:\Users\isaac\Projects\aws-sdk-cpp\aws-cpp-sdk-codeguru-reviewer\source\model\RecommendationFeedbackSummary.cpp">
      <Filter>Source Files\model</Filter>
    </ClInclude>
    <ClInclude Include="C:\Users\isaac\Projects\aws-sdk-cpp\aws-cpp-sdk-codeguru-reviewer\source\model\RecommendationSummary.cpp">
      <Filter>Source Files\model</Filter>
    </ClInclude>
    <ClInclude Include="C:\Users\isaac\Projects\aws-sdk-cpp\aws-cpp-sdk-codeguru-reviewer\source\model\Repository.cpp">
      <Filter>Source Files\model</Filter>
    </ClInclude>
    <ClInclude Include="C:\Users\isaac\Projects\aws-sdk-cpp\aws-cpp-sdk-codeguru-reviewer\source\model\RepositoryAssociation.cpp">
      <Filter>Source Files\model</Filter>
    </ClInclude>
    <ClInclude Include="C:\Users\isaac\Projects\aws-sdk-cpp\aws-cpp-sdk-codeguru-reviewer\source\model\RepositoryAssociationState.cpp">
      <Filter>Source Files\model</Filter>
    </ClInclude>
    <ClInclude Include="C:\Users\isaac\Projects\aws-sdk-cpp\aws-cpp-sdk-codeguru-reviewer\source\model\RepositoryAssociationSummary.cpp">
      <Filter>Source Files\model</Filter>
    </ClInclude>
    <ClInclude Include="C:\Users\isaac\Projects\aws-sdk-cpp\aws-cpp-sdk-codeguru-reviewer\source\model\SourceCodeType.cpp">
      <Filter>Source Files\model</Filter>
    </ClInclude>
    <ClInclude Include="C:\Users\isaac\Projects\aws-sdk-cpp\aws-cpp-sdk-codeguru-reviewer\source\model\ThirdPartySourceRepository.cpp">
      <Filter>Source Files\model</Filter>
    </ClInclude>
    <ClInclude Include="C:\Users\isaac\Projects\aws-sdk-cpp\aws-cpp-sdk-codeguru-reviewer\source\model\Type.cpp">
      <Filter>Source Files\model</Filter>
    </ClInclude>
  </ItemGroup>
  <ItemGroup>
    <CustomBuild Include="C:\Users\isaac\Projects\aws-sdk-cpp\aws-cpp-sdk-codeguru-reviewer\CMakeLists.txt" />
  </ItemGroup>
  <ItemGroup>
    <Filter Include="Header Files">
      <UniqueIdentifier>{1120F839-7E5B-3430-909B-F45ED1F34C4F}</UniqueIdentifier>
    </Filter>
    <Filter Include="Header Files\aws">
      <UniqueIdentifier>{003F55DC-ED11-3C60-843D-9249C7CF85F6}</UniqueIdentifier>
    </Filter>
    <Filter Include="Header Files\aws\codeguru-reviewer">
      <UniqueIdentifier>{FFB41AE2-9850-3470-9417-A79D5F77F5F7}</UniqueIdentifier>
    </Filter>
    <Filter Include="Header Files\aws\codeguru-reviewer\model">
      <UniqueIdentifier>{1E5C07F3-05B4-3494-8554-D1ECE364D173}</UniqueIdentifier>
    </Filter>
    <Filter Include="Source Files">
      <UniqueIdentifier>{6F41ED37-8DD8-30E6-91B5-58B4486F0EE4}</UniqueIdentifier>
    </Filter>
    <Filter Include="Source Files\model">
      <UniqueIdentifier>{6F53B180-3C9E-31A4-BEC3-93FD46D6D297}</UniqueIdentifier>
    </Filter>
  </ItemGroup>
</Project>
