<?xml version="1.0" encoding="utf-8"?>
<Project ToolsVersion="16.0" xmlns="http://schemas.microsoft.com/developer/msbuild/2003">
  <ItemGroup>
    <ClCompile Include="C:\Users\isaac\Projects\aws-sdk-cpp\aws-cpp-sdk-resourcegroupstaggingapi\ub_RESOURCEGROUPSTAGGINGAPI.cpp">
      <Filter>Source Files</Filter>
    </ClCompile>
  </ItemGroup>
  <ItemGroup>
    <ClInclude Include="C:\Users\isaac\Projects\aws-sdk-cpp\aws-cpp-sdk-resourcegroupstaggingapi\include\aws\resourcegroupstaggingapi\ResourceGroupsTaggingAPIClient.h">
      <Filter>Header Files\aws\resourcegroupstaggingapi</Filter>
    </ClInclude>
    <ClInclude Include="C:\Users\isaac\Projects\aws-sdk-cpp\aws-cpp-sdk-resourcegroupstaggingapi\include\aws\resourcegroupstaggingapi\ResourceGroupsTaggingAPIEndpoint.h">
      <Filter>Header Files\aws\resourcegroupstaggingapi</Filter>
    </ClInclude>
    <ClInclude Include="C:\Users\isaac\Projects\aws-sdk-cpp\aws-cpp-sdk-resourcegroupstaggingapi\include\aws\resourcegroupstaggingapi\ResourceGroupsTaggingAPIErrorMarshaller.h">
      <Filter>Header Files\aws\resourcegroupstaggingapi</Filter>
    </ClInclude>
    <ClInclude Include="C:\Users\isaac\Projects\aws-sdk-cpp\aws-cpp-sdk-resourcegroupstaggingapi\include\aws\resourcegroupstaggingapi\ResourceGroupsTaggingAPIErrors.h">
      <Filter>Header Files\aws\resourcegroupstaggingapi</Filter>
    </ClInclude>
    <ClInclude Include="C:\Users\isaac\Projects\aws-sdk-cpp\aws-cpp-sdk-resourcegroupstaggingapi\include\aws\resourcegroupstaggingapi\ResourceGroupsTaggingAPIRequest.h">
      <Filter>Header Files\aws\resourcegroupstaggingapi</Filter>
    </ClInclude>
    <ClInclude Include="C:\Users\isaac\Projects\aws-sdk-cpp\aws-cpp-sdk-resourcegroupstaggingapi\include\aws\resourcegroupstaggingapi\ResourceGroupsTaggingAPI_EXPORTS.h">
      <Filter>Header Files\aws\resourcegroupstaggingapi</Filter>
    </ClInclude>
    <ClInclude Include="C:\Users\isaac\Projects\aws-sdk-cpp\aws-cpp-sdk-resourcegroupstaggingapi\include\aws\resourcegroupstaggingapi\model\ComplianceDetails.h">
      <Filter>Header Files\aws\resourcegroupstaggingapi\model</Filter>
    </ClInclude>
    <ClInclude Include="C:\Users\isaac\Projects\aws-sdk-cpp\aws-cpp-sdk-resourcegroupstaggingapi\include\aws\resourcegroupstaggingapi\model\DescribeReportCreationRequest.h">
      <Filter>Header Files\aws\resourcegroupstaggingapi\model</Filter>
    </ClInclude>
    <ClInclude Include="C:\Users\isaac\Projects\aws-sdk-cpp\aws-cpp-sdk-resourcegroupstaggingapi\include\aws\resourcegroupstaggingapi\model\DescribeReportCreationResult.h">
      <Filter>Header Files\aws\resourcegroupstaggingapi\model</Filter>
    </ClInclude>
    <ClInclude Include="C:\Users\isaac\Projects\aws-sdk-cpp\aws-cpp-sdk-resourcegroupstaggingapi\include\aws\resourcegroupstaggingapi\model\ErrorCode.h">
      <Filter>Header Files\aws\resourcegroupstaggingapi\model</Filter>
    </ClInclude>
    <ClInclude Include="C:\Users\isaac\Projects\aws-sdk-cpp\aws-cpp-sdk-resourcegroupstaggingapi\include\aws\resourcegroupstaggingapi\model\FailureInfo.h">
      <Filter>Header Files\aws\resourcegroupstaggingapi\model</Filter>
    </ClInclude>
    <ClInclude Include="C:\Users\isaac\Projects\aws-sdk-cpp\aws-cpp-sdk-resourcegroupstaggingapi\include\aws\resourcegroupstaggingapi\model\GetComplianceSummaryRequest.h">
      <Filter>Header Files\aws\resourcegroupstaggingapi\model</Filter>
    </ClInclude>
    <ClInclude Include="C:\Users\isaac\Projects\aws-sdk-cpp\aws-cpp-sdk-resourcegroupstaggingapi\include\aws\resourcegroupstaggingapi\model\GetComplianceSummaryResult.h">
      <Filter>Header Files\aws\resourcegroupstaggingapi\model</Filter>
    </ClInclude>
    <ClInclude Include="C:\Users\isaac\Projects\aws-sdk-cpp\aws-cpp-sdk-resourcegroupstaggingapi\include\aws\resourcegroupstaggingapi\model\GetResourcesRequest.h">
      <Filter>Header Files\aws\resourcegroupstaggingapi\model</Filter>
    </ClInclude>
    <ClInclude Include="C:\Users\isaac\Projects\aws-sdk-cpp\aws-cpp-sdk-resourcegroupstaggingapi\include\aws\resourcegroupstaggingapi\model\GetResourcesResult.h">
      <Filter>Header Files\aws\resourcegroupstaggingapi\model</Filter>
    </ClInclude>
    <ClInclude Include="C:\Users\isaac\Projects\aws-sdk-cpp\aws-cpp-sdk-resourcegroupstaggingapi\include\aws\resourcegroupstaggingapi\model\GetTagKeysRequest.h">
      <Filter>Header Files\aws\resourcegroupstaggingapi\model</Filter>
    </ClInclude>
    <ClInclude Include="C:\Users\isaac\Projects\aws-sdk-cpp\aws-cpp-sdk-resourcegroupstaggingapi\include\aws\resourcegroupstaggingapi\model\GetTagKeysResult.h">
      <Filter>Header Files\aws\resourcegroupstaggingapi\model</Filter>
    </ClInclude>
    <ClInclude Include="C:\Users\isaac\Projects\aws-sdk-cpp\aws-cpp-sdk-resourcegroupstaggingapi\include\aws\resourcegroupstaggingapi\model\GetTagValuesRequest.h">
      <Filter>Header Files\aws\resourcegroupstaggingapi\model</Filter>
    </ClInclude>
    <ClInclude Include="C:\Users\isaac\Projects\aws-sdk-cpp\aws-cpp-sdk-resourcegroupstaggingapi\include\aws\resourcegroupstaggingapi\model\GetTagValuesResult.h">
      <Filter>Header Files\aws\resourcegroupstaggingapi\model</Filter>
    </ClInclude>
    <ClInclude Include="C:\Users\isaac\Projects\aws-sdk-cpp\aws-cpp-sdk-resourcegroupstaggingapi\include\aws\resourcegroupstaggingapi\model\GroupByAttribute.h">
      <Filter>Header Files\aws\resourcegroupstaggingapi\model</Filter>
    </ClInclude>
    <ClInclude Include="C:\Users\isaac\Projects\aws-sdk-cpp\aws-cpp-sdk-resourcegroupstaggingapi\include\aws\resourcegroupstaggingapi\model\ResourceTagMapping.h">
      <Filter>Header Files\aws\resourcegroupstaggingapi\model</Filter>
    </ClInclude>
    <ClInclude Include="C:\Users\isaac\Projects\aws-sdk-cpp\aws-cpp-sdk-resourcegroupstaggingapi\include\aws\resourcegroupstaggingapi\model\StartReportCreationRequest.h">
      <Filter>Header Files\aws\resourcegroupstaggingapi\model</Filter>
    </ClInclude>
    <ClInclude Include="C:\Users\isaac\Projects\aws-sdk-cpp\aws-cpp-sdk-resourcegroupstaggingapi\include\aws\resourcegroupstaggingapi\model\StartReportCreationResult.h">
      <Filter>Header Files\aws\resourcegroupstaggingapi\model</Filter>
    </ClInclude>
    <ClInclude Include="C:\Users\isaac\Projects\aws-sdk-cpp\aws-cpp-sdk-resourcegroupstaggingapi\include\aws\resourcegroupstaggingapi\model\Summary.h">
      <Filter>Header Files\aws\resourcegroupstaggingapi\model</Filter>
    </ClInclude>
    <ClInclude Include="C:\Users\isaac\Projects\aws-sdk-cpp\aws-cpp-sdk-resourcegroupstaggingapi\include\aws\resourcegroupstaggingapi\model\Tag.h">
      <Filter>Header Files\aws\resourcegroupstaggingapi\model</Filter>
    </ClInclude>
    <ClInclude Include="C:\Users\isaac\Projects\aws-sdk-cpp\aws-cpp-sdk-resourcegroupstaggingapi\include\aws\resourcegroupstaggingapi\model\TagFilter.h">
      <Filter>Header Files\aws\resourcegroupstaggingapi\model</Filter>
    </ClInclude>
    <ClInclude Include="C:\Users\isaac\Projects\aws-sdk-cpp\aws-cpp-sdk-resourcegroupstaggingapi\include\aws\resourcegroupstaggingapi\model\TagResourcesRequest.h">
      <Filter>Header Files\aws\resourcegroupstaggingapi\model</Filter>
    </ClInclude>
    <ClInclude Include="C:\Users\isaac\Projects\aws-sdk-cpp\aws-cpp-sdk-resourcegroupstaggingapi\include\aws\resourcegroupstaggingapi\model\TagResourcesResult.h">
      <Filter>Header Files\aws\resourcegroupstaggingapi\model</Filter>
    </ClInclude>
    <ClInclude Include="C:\Users\isaac\Projects\aws-sdk-cpp\aws-cpp-sdk-resourcegroupstaggingapi\include\aws\resourcegroupstaggingapi\model\TargetIdType.h">
      <Filter>Header Files\aws\resourcegroupstaggingapi\model</Filter>
    </ClInclude>
    <ClInclude Include="C:\Users\isaac\Projects\aws-sdk-cpp\aws-cpp-sdk-resourcegroupstaggingapi\include\aws\resourcegroupstaggingapi\model\UntagResourcesRequest.h">
      <Filter>Header Files\aws\resourcegroupstaggingapi\model</Filter>
    </ClInclude>
    <ClInclude Include="C:\Users\isaac\Projects\aws-sdk-cpp\aws-cpp-sdk-resourcegroupstaggingapi\include\aws\resourcegroupstaggingapi\model\UntagResourcesResult.h">
      <Filter>Header Files\aws\resourcegroupstaggingapi\model</Filter>
    </ClInclude>
    <ClInclude Include="C:\Users\isaac\Projects\aws-sdk-cpp\aws-cpp-sdk-resourcegroupstaggingapi\source\ResourceGroupsTaggingAPIClient.cpp">
      <Filter>Source Files</Filter>
    </ClInclude>
    <ClInclude Include="C:\Users\isaac\Projects\aws-sdk-cpp\aws-cpp-sdk-resourcegroupstaggingapi\source\ResourceGroupsTaggingAPIEndpoint.cpp">
      <Filter>Source Files</Filter>
    </ClInclude>
    <ClInclude Include="C:\Users\isaac\Projects\aws-sdk-cpp\aws-cpp-sdk-resourcegroupstaggingapi\source\ResourceGroupsTaggingAPIErrorMarshaller.cpp">
      <Filter>Source Files</Filter>
    </ClInclude>
    <ClInclude Include="C:\Users\isaac\Projects\aws-sdk-cpp\aws-cpp-sdk-resourcegroupstaggingapi\source\ResourceGroupsTaggingAPIErrors.cpp">
      <Filter>Source Files</Filter>
    </ClInclude>
    <ClInclude Include="C:\Users\isaac\Projects\aws-sdk-cpp\aws-cpp-sdk-resourcegroupstaggingapi\source\model\ComplianceDetails.cpp">
      <Filter>Source Files\model</Filter>
    </ClInclude>
    <ClInclude Include="C:\Users\isaac\Projects\aws-sdk-cpp\aws-cpp-sdk-resourcegroupstaggingapi\source\model\DescribeReportCreationRequest.cpp">
      <Filter>Source Files\model</Filter>
    </ClInclude>
    <ClInclude Include="C:\Users\isaac\Projects\aws-sdk-cpp\aws-cpp-sdk-resourcegroupstaggingapi\source\model\DescribeReportCreationResult.cpp">
      <Filter>Source Files\model</Filter>
    </ClInclude>
    <ClInclude Include="C:\Users\isaac\Projects\aws-sdk-cpp\aws-cpp-sdk-resourcegroupstaggingapi\source\model\ErrorCode.cpp">
      <Filter>Source Files\model</Filter>
    </ClInclude>
    <ClInclude Include="C:\Users\isaac\Projects\aws-sdk-cpp\aws-cpp-sdk-resourcegroupstaggingapi\source\model\FailureInfo.cpp">
      <Filter>Source Files\model</Filter>
    </ClInclude>
    <ClInclude Include="C:\Users\isaac\Projects\aws-sdk-cpp\aws-cpp-sdk-resourcegroupstaggingapi\source\model\GetComplianceSummaryRequest.cpp">
      <Filter>Source Files\model</Filter>
    </ClInclude>
    <ClInclude Include="C:\Users\isaac\Projects\aws-sdk-cpp\aws-cpp-sdk-resourcegroupstaggingapi\source\model\GetComplianceSummaryResult.cpp">
      <Filter>Source Files\model</Filter>
    </ClInclude>
    <ClInclude Include="C:\Users\isaac\Projects\aws-sdk-cpp\aws-cpp-sdk-resourcegroupstaggingapi\source\model\GetResourcesRequest.cpp">
      <Filter>Source Files\model</Filter>
    </ClInclude>
    <ClInclude Include="C:\Users\isaac\Projects\aws-sdk-cpp\aws-cpp-sdk-resourcegroupstaggingapi\source\model\GetResourcesResult.cpp">
      <Filter>Source Files\model</Filter>
    </ClInclude>
    <ClInclude Include="C:\Users\isaac\Projects\aws-sdk-cpp\aws-cpp-sdk-resourcegroupstaggingapi\source\model\GetTagKeysRequest.cpp">
      <Filter>Source Files\model</Filter>
    </ClInclude>
    <ClInclude Include="C:\Users\isaac\Projects\aws-sdk-cpp\aws-cpp-sdk-resourcegroupstaggingapi\source\model\GetTagKeysResult.cpp">
      <Filter>Source Files\model</Filter>
    </ClInclude>
    <ClInclude Include="C:\Users\isaac\Projects\aws-sdk-cpp\aws-cpp-sdk-resourcegroupstaggingapi\source\model\GetTagValuesRequest.cpp">
      <Filter>Source Files\model</Filter>
    </ClInclude>
    <ClInclude Include="C:\Users\isaac\Projects\aws-sdk-cpp\aws-cpp-sdk-resourcegroupstaggingapi\source\model\GetTagValuesResult.cpp">
      <Filter>Source Files\model</Filter>
    </ClInclude>
    <ClInclude Include="C:\Users\isaac\Projects\aws-sdk-cpp\aws-cpp-sdk-resourcegroupstaggingapi\source\model\GroupByAttribute.cpp">
      <Filter>Source Files\model</Filter>
    </ClInclude>
    <ClInclude Include="C:\Users\isaac\Projects\aws-sdk-cpp\aws-cpp-sdk-resourcegroupstaggingapi\source\model\ResourceTagMapping.cpp">
      <Filter>Source Files\model</Filter>
    </ClInclude>
    <ClInclude Include="C:\Users\isaac\Projects\aws-sdk-cpp\aws-cpp-sdk-resourcegroupstaggingapi\source\model\StartReportCreationRequest.cpp">
      <Filter>Source Files\model</Filter>
    </ClInclude>
    <ClInclude Include="C:\Users\isaac\Projects\aws-sdk-cpp\aws-cpp-sdk-resourcegroupstaggingapi\source\model\StartReportCreationResult.cpp">
      <Filter>Source Files\model</Filter>
    </ClInclude>
    <ClInclude Include="C:\Users\isaac\Projects\aws-sdk-cpp\aws-cpp-sdk-resourcegroupstaggingapi\source\model\Summary.cpp">
      <Filter>Source Files\model</Filter>
    </ClInclude>
    <ClInclude Include="C:\Users\isaac\Projects\aws-sdk-cpp\aws-cpp-sdk-resourcegroupstaggingapi\source\model\Tag.cpp">
      <Filter>Source Files\model</Filter>
    </ClInclude>
    <ClInclude Include="C:\Users\isaac\Projects\aws-sdk-cpp\aws-cpp-sdk-resourcegroupstaggingapi\source\model\TagFilter.cpp">
      <Filter>Source Files\model</Filter>
    </ClInclude>
    <ClInclude Include="C:\Users\isaac\Projects\aws-sdk-cpp\aws-cpp-sdk-resourcegroupstaggingapi\source\model\TagResourcesRequest.cpp">
      <Filter>Source Files\model</Filter>
    </ClInclude>
    <ClInclude Include="C:\Users\isaac\Projects\aws-sdk-cpp\aws-cpp-sdk-resourcegroupstaggingapi\source\model\TagResourcesResult.cpp">
      <Filter>Source Files\model</Filter>
    </ClInclude>
    <ClInclude Include="C:\Users\isaac\Projects\aws-sdk-cpp\aws-cpp-sdk-resourcegroupstaggingapi\source\model\TargetIdType.cpp">
      <Filter>Source Files\model</Filter>
    </ClInclude>
    <ClInclude Include="C:\Users\isaac\Projects\aws-sdk-cpp\aws-cpp-sdk-resourcegroupstaggingapi\source\model\UntagResourcesRequest.cpp">
      <Filter>Source Files\model</Filter>
    </ClInclude>
    <ClInclude Include="C:\Users\isaac\Projects\aws-sdk-cpp\aws-cpp-sdk-resourcegroupstaggingapi\source\model\UntagResourcesResult.cpp">
      <Filter>Source Files\model</Filter>
    </ClInclude>
  </ItemGroup>
  <ItemGroup>
    <CustomBuild Include="C:\Users\isaac\Projects\aws-sdk-cpp\aws-cpp-sdk-resourcegroupstaggingapi\CMakeLists.txt" />
  </ItemGroup>
  <ItemGroup>
    <Filter Include="Header Files">
      <UniqueIdentifier>{1120F839-7E5B-3430-909B-F45ED1F34C4F}</UniqueIdentifier>
    </Filter>
    <Filter Include="Header Files\aws">
      <UniqueIdentifier>{003F55DC-ED11-3C60-843D-9249C7CF85F6}</UniqueIdentifier>
    </Filter>
    <Filter Include="Header Files\aws\resourcegroupstaggingapi">
      <UniqueIdentifier>{519D4977-95AF-3E78-8465-3A91C9D1C350}</UniqueIdentifier>
    </Filter>
    <Filter Include="Header Files\aws\resourcegroupstaggingapi\model">
      <UniqueIdentifier>{790F4462-5B37-3DFB-9B75-B229CD42E763}</UniqueIdentifier>
    </Filter>
    <Filter Include="Source Files">
      <UniqueIdentifier>{6F41ED37-8DD8-30E6-91B5-58B4486F0EE4}</UniqueIdentifier>
    </Filter>
    <Filter Include="Source Files\model">
      <UniqueIdentifier>{6F53B180-3C9E-31A4-BEC3-93FD46D6D297}</UniqueIdentifier>
    </Filter>
  </ItemGroup>
</Project>
